<?xml version="1.0" encoding="utf-8"?>
<Project ToolsVersion="4.0" xmlns="http://schemas.microsoft.com/developer/msbuild/2003">
  <ItemGroup>
    <ClCompile Include="TestBrowseParties.cpp" />
    <ClCompile Include="TestDevServer.cpp" />
    <ClCompile Include="TestDisableGameSessionDirectConnection.cpp" />
    <ClCompile Include="TestFriendsBlock.cpp" />
    <ClCompile Include="TestParty.cpp" />
    <ClCompile Include="TestSocketApi.cpp" />
    <ClCompile Include="pch.cpp" />
    <ClCompile Include="TestTunnel.cpp" />
    <ClCompile Include="StressTestPartyGamesession.cpp" />
  </ItemGroup>
  <ItemGroup>
    <ClInclude Include="..\..\src\Stormancer.Plugins\Analytics\cpp\Analytics.hpp" />
    <ClInclude Include="..\..\src\Stormancer.Plugins\Friends\cpp\Friends.hpp" />
    <ClInclude Include="..\..\src\Stormancer.Plugins\GameFinder\cpp\GameFinder.hpp" />
    <ClInclude Include="..\..\src\Stormancer.Plugins\GameSession\cpp\GameSession.hpp" />
    <ClInclude Include="..\..\src\Stormancer.Plugins\GameSession\cpp\ServerPools.hpp" />
    <ClInclude Include="..\..\src\Stormancer.Plugins\Galaxy\cpp\Galaxy.hpp" />
    <ClInclude Include="..\..\src\Stormancer.Plugins\Limits\cpp\connectionQueue.hpp" />
    <ClInclude Include="..\..\src\Stormancer.Plugins\Notification\cpp\Notifications.hpp" />
    <ClInclude Include="..\..\src\Stormancer.Plugins\Party\cpp\Party.hpp" />
    <ClInclude Include="..\..\src\Stormancer.Plugins\Profile\cpp\Profile.hpp" />
    <ClInclude Include="..\..\src\Stormancer.Plugins\Replication\cpp\CommandLog.hpp" />
    <ClInclude Include="..\..\src\Stormancer.Plugins\SocketApi\cpp\Socket.hpp" />
    <ClInclude Include="..\..\src\Stormancer.Plugins\Spectate\cpp\Spectate.hpp" />
    <ClInclude Include="..\..\src\Stormancer.Plugins\Steam\cpp\Steam.hpp" />
    <ClInclude Include="..\..\src\Stormancer.Plugins\Users\cpp\ClientAPI.hpp" />
    <ClInclude Include="..\..\src\Stormancer.Plugins\Users\cpp\Users.hpp" />
    <ClInclude Include="pch.h" />
    <ClInclude Include="..\..\src\Stormancer.Plugins\Gameye\cpp\gameye.hpp" />
    <ClInclude Include="..\..\src\Stormancer.Plugins\PlayerReports\cpp\PlayerReports.hpp" />
  </ItemGroup>
  <ItemGroup>
    <None Include="packages.config" />
  </ItemGroup>
</Project>