
Microsoft Visual Studio Solution File, Format Version 12.00
# Visual Studio Version 17
VisualStudioVersion = 17.2.32210.308
MinimumVisualStudioVersion = 10.0.40219.1
Project("{2150E333-8FDC-42A3-9474-1A3956D46DE8}") = "Management", "Management", "{65550213-0737-4F41-83F4-DC2EB84415AB}"
EndProject
Project("{9A19103F-16F7-4668-BE54-9A1E7A4F7556}") = "Stormancer.Server.Plugins.Management", "Management\Stormancer.Server.Plugins.Management\Stormancer.Server.Plugins.Management.csproj", "{07DEF021-11C9-4334-954B-8A7B7EEDE43C}"
EndProject
Project("{2150E333-8FDC-42A3-9474-1A3956D46DE8}") = "Database", "Database", "{402B76D2-4FBE-4B23-BF8C-19DE49E9D06E}"
EndProject
Project("{9A19103F-16F7-4668-BE54-9A1E7A4F7556}") = "Stormancer.Server.Plugins.Database.Elasticsearch", "Database\Stormancer.Server.Plugins.Database.Elasticsearch\Stormancer.Server.Plugins.Database.Elasticsearch.csproj", "{1BF95354-F5E4-4488-9FA7-9326744DC8FC}"
EndProject
Project("{2150E333-8FDC-42A3-9474-1A3956D46DE8}") = "Configuration", "Configuration", "{B74452AA-C538-4B1D-A910-0D2404089D49}"
EndProject
Project("{9A19103F-16F7-4668-BE54-9A1E7A4F7556}") = "Stormancer.Server.Plugins.Configuration", "Configuration\Stormancer.Server.Plugins.Configuration\Stormancer.Server.Plugins.Configuration.csproj", "{AE100FDD-53EB-40AB-A244-2F3352EBBBA6}"
EndProject
Project("{2150E333-8FDC-42A3-9474-1A3956D46DE8}") = "Users", "Users", "{4F181B0F-E420-462E-9658-7AE8F1B0F36F}"
EndProject
Project("{2150E333-8FDC-42A3-9474-1A3956D46DE8}") = "GameFinder", "GameFinder", "{859E7CD1-B3D2-40CD-A1BE-A6472AA24A2B}"
EndProject
Project("{2150E333-8FDC-42A3-9474-1A3956D46DE8}") = "Party", "Party", "{B3DAD533-ED3E-47F8-848F-9D864267C349}"
EndProject
Project("{2150E333-8FDC-42A3-9474-1A3956D46DE8}") = "Api", "Api", "{9C2B89C8-B81A-46B9-877D-4FC15B58F099}"
EndProject
Project("{2150E333-8FDC-42A3-9474-1A3956D46DE8}") = "Analytics", "Analytics", "{275883BD-CC75-44F6-86BF-F867AE9E2A0C}"
EndProject
Project("{2150E333-8FDC-42A3-9474-1A3956D46DE8}") = "Leaderboards", "Leaderboards", "{FD4F5652-8F9E-458F-A054-5A576948B74E}"
EndProject
Project("{9A19103F-16F7-4668-BE54-9A1E7A4F7556}") = "Stormancer.Server.Plugins.Api", "Api\Stormancer.Server.Plugins.Api\Stormancer.Server.Plugins.Api.csproj", "{59EBAC2A-6170-487B-9660-F13D8F0A255A}"
EndProject
Project("{9A19103F-16F7-4668-BE54-9A1E7A4F7556}") = "Stormancer.Server.Plugins.Users", "Users\Stormancer.Server.Plugins.Users\Stormancer.Server.Plugins.Users.csproj", "{83965663-8871-4C88-BED0-A9F84653F6F9}"
EndProject
Project("{2150E333-8FDC-42A3-9474-1A3956D46DE8}") = "WebApi", "WebApi", "{6766D603-9686-4B20-873F-4E404D50CD14}"
EndProject
Project("{9A19103F-16F7-4668-BE54-9A1E7A4F7556}") = "Stormancer.Server.Plugins.WebApi", "Admin\Stormancer.Server.Plugins.AdminApi\Stormancer.Server.Plugins.WebApi.csproj", "{F5536D18-7EFB-4AC6-B285-95ABF4CE6F4D}"
EndProject
Project("{9A19103F-16F7-4668-BE54-9A1E7A4F7556}") = "Stormancer.Server.Plugins.Analytics", "Analytics\Stormancer.Server.Plugins.Analytics\Stormancer.Server.Plugins.Analytics.csproj", "{18EF2FE1-1B0F-437A-9746-2D3EC5BEC0B1}"
EndProject
Project("{9A19103F-16F7-4668-BE54-9A1E7A4F7556}") = "Stormancer.Server.Plugins.GameFinder", "GameFinder\Stormancer.Server.Plugins.GameFinder\Stormancer.Server.Plugins.GameFinder.csproj", "{4CFE274A-8AAB-4243-A3CC-DDF2472A83E0}"
EndProject
Project("{2150E333-8FDC-42A3-9474-1A3956D46DE8}") = "GameSession", "GameSession", "{27B34EA5-8608-49FA-96F0-DEC4C3A5A7B3}"
	ProjectSection(SolutionItems) = preProject
		GameSession\Readme.md = GameSession\Readme.md
	EndProjectSection
EndProject
Project("{2150E333-8FDC-42A3-9474-1A3956D46DE8}") = "Notification", "Notification", "{441068D8-EA26-4B6A-893B-7EAAA70BFA73}"
EndProject
Project("{9A19103F-16F7-4668-BE54-9A1E7A4F7556}") = "Stormancer.Server.Plugins.Notification", "Notification\Stormancer.Server.Plugins.Notification\Stormancer.Server.Plugins.Notification.csproj", "{55F55C7C-B0A4-4276-9BDE-0DD254C5E540}"
EndProject
Project("{2150E333-8FDC-42A3-9474-1A3956D46DE8}") = "Utilities", "Utilities", "{548AD42A-A006-483A-8213-BDF68F16BAE2}"
EndProject
Project("{9A19103F-16F7-4668-BE54-9A1E7A4F7556}") = "Stormancer.Server.Plugins.Utilities", "Utilities\Stormancer.Server.Plugins.Utilities\Stormancer.Server.Plugins.Utilities.csproj", "{BF0C3998-90BC-48C1-A975-C9738F752AA3}"
EndProject
Project("{2150E333-8FDC-42A3-9474-1A3956D46DE8}") = "Profile", "Profile", "{6DEA9D14-B677-4F6C-96E3-CD9E5AEBADDA}"
EndProject
Project("{9A19103F-16F7-4668-BE54-9A1E7A4F7556}") = "Stormancer.Server.Plugins.Profile", "Profile\Stormancer.Server.Plugins.Profile\Stormancer.Server.Plugins.Profile.csproj", "{2BBCE940-56CA-4B3E-AD26-3A5E01080954}"
EndProject
Project("{9A19103F-16F7-4668-BE54-9A1E7A4F7556}") = "Stormancer.Server.Plugins.Party", "Party\Stormancer.Server.Plugins.Party\Stormancer.Server.Plugins.Party.csproj", "{EF388E74-13B4-45F8-B7A3-A984A0CA2511}"
EndProject
Project("{9A19103F-16F7-4668-BE54-9A1E7A4F7556}") = "Stormancer.Server.Plugins.GameSession", "GameSession\Stormancer.Server.Plugins.GameSession\Stormancer.Server.Plugins.GameSession.csproj", "{0A37FA9A-4F9E-4C23-A64C-E9597EAF15A9}"
EndProject
Project("{2150E333-8FDC-42A3-9474-1A3956D46DE8}") = "Friends", "Friends", "{DAE06765-99AC-47F9-A7B2-8E21448600AA}"
EndProject
Project("{9A19103F-16F7-4668-BE54-9A1E7A4F7556}") = "Stormancer.Server.Plugins.Friends", "Friends\Stormancer.Server.Plugins.Friends\Stormancer.Server.Plugins.Friends.csproj", "{4F8A6C4E-4E6F-4FFE-A425-B6A59673ED35}"
EndProject
Project("{9A19103F-16F7-4668-BE54-9A1E7A4F7556}") = "Stormancer.Server.Plugins.Friends.RecentlyMet", "Friends\Stormancer.Server.Plugins.Friends.RecentlyMet\Stormancer.Server.Plugins.Friends.RecentlyMet.csproj", "{A502804A-6D2D-4201-A48B-87C46F023887}"
EndProject
Project("{2150E333-8FDC-42A3-9474-1A3956D46DE8}") = "GameVersion", "GameVersion", "{B6D0762D-F756-429F-A87E-F670319C01D4}"
EndProject
Project("{9A19103F-16F7-4668-BE54-9A1E7A4F7556}") = "Stormancer.Server.Plugins.GameVersion", "GameVersion\Stormancer.Server.Plugins.GameVersion\Stormancer.Server.Plugins.GameVersion.csproj", "{79DB11AB-6B3A-4E40-A5BF-F93A954C2934}"
EndProject
Project("{9A19103F-16F7-4668-BE54-9A1E7A4F7556}") = "Stormancer.Server.Plugins.Leaderboards", "Leaderboards\Stormancer.Server.Plugins.Leaderboards\Stormancer.Server.Plugins.Leaderboards.csproj", "{292FFA5D-7582-4882-BB14-6B1013824CE4}"
EndProject
Project("{9A19103F-16F7-4668-BE54-9A1E7A4F7556}") = "Stormancer.Server.Plugins.GameHistory", "GameHistory\Stormancer.Server.Plugins.GameHistory\Stormancer.Server.Plugins.GameHistory.csproj", "{3B5355D4-590E-42F2-AE80-8FB5433D1198}"
EndProject
Project("{2150E333-8FDC-42A3-9474-1A3956D46DE8}") = "GameHistory", "GameHistory", "{9EC2D3BA-63A6-44F1-B843-E900CEB409BE}"
EndProject
Project("{9A19103F-16F7-4668-BE54-9A1E7A4F7556}") = "Stormancer.Server.Plugins.Steam", "Steam\Stormancer.Server.Plugins.Steam\Stormancer.Server.Plugins.Steam.csproj", "{3ACA378B-9698-480E-9D64-D29C90EFC0E9}"
EndProject
Project("{2150E333-8FDC-42A3-9474-1A3956D46DE8}") = "Steam", "Steam", "{5A055E20-253E-47B9-BBBD-B6CB22E6F461}"
EndProject
Project("{2150E333-8FDC-42A3-9474-1A3956D46DE8}") = "Models", "Models", "{32FFED99-42F2-4E37-93C9-B3F293588F54}"
EndProject
Project("{9A19103F-16F7-4668-BE54-9A1E7A4F7556}") = "Stormancer.Server.Plugins.Models", "Models\Stormancer.Server.Plugins.Models\Stormancer.Server.Plugins.Models.csproj", "{95C93690-3573-4238-BF0A-B5AC4BE21246}"
EndProject
Project("{2150E333-8FDC-42A3-9474-1A3956D46DE8}") = "Firebase", "Firebase", "{786BF13F-7662-414C-9436-052E6441EDC7}"
EndProject
Project("{2150E333-8FDC-42A3-9474-1A3956D46DE8}") = "AppleId", "AppleId", "{FE45EF18-F7AE-4581-AD29-AFC0C300BE92}"
EndProject
Project("{2150E333-8FDC-42A3-9474-1A3956D46DE8}") = "GooglePlay", "GooglePlay", "{75CA2BF8-B9CA-442F-89E6-8B7CA0B71BE1}"
EndProject
Project("{2150E333-8FDC-42A3-9474-1A3956D46DE8}") = "Facebook", "Facebook", "{680CF2F3-1478-4BDD-AB21-990EE4B770A0}"
EndProject
Project("{9A19103F-16F7-4668-BE54-9A1E7A4F7556}") = "Stormancer.Server.Plugins.Facebook", "Facebook\Stormancer.Server.Plugins.Facebook\Stormancer.Server.Plugins.Facebook.csproj", "{86DD130C-A52B-461F-A1F3-00A175C9BB34}"
EndProject
Project("{9A19103F-16F7-4668-BE54-9A1E7A4F7556}") = "Stormancer.server.Plugins.Firebase", "Firebase\Stormancer.server.Plugins.Firebase\Stormancer.server.Plugins.Firebase.csproj", "{DDC7F922-BD93-4D63-9396-323948A64738}"
EndProject
Project("{2150E333-8FDC-42A3-9474-1A3956D46DE8}") = "SpatialOS", "SpatialOS", "{33707C73-0398-48B4-BF07-392F500CC19B}"
EndProject
Project("{9A19103F-16F7-4668-BE54-9A1E7A4F7556}") = "Stormancer.Server.Plugins.SpatialOS", "SpatialOS\Stormancer.Server.Plugins.SpatialOS\Stormancer.Server.Plugins.SpatialOS.csproj", "{673DC354-0751-4A1E-91D0-4A05E87EE738}"
EndProject
Project("{2150E333-8FDC-42A3-9474-1A3956D46DE8}") = "DataProtection", "DataProtection", "{7BCEF864-753C-4147-925B-83EE2F2D9E18}"
EndProject
Project("{9A19103F-16F7-4668-BE54-9A1E7A4F7556}") = "Stormancer.Server.Plugins.DataProtection", "DataProtection\Stormancer.Server.Plugins.DataProtection\Stormancer.Server.Plugins.DataProtection.csproj", "{DCB40DCC-4CB7-470D-B919-FB580F7966F9}"
EndProject
Project("{2150E333-8FDC-42A3-9474-1A3956D46DE8}") = "Galaxy", "Galaxy", "{81550A48-AC59-49E8-8B35-B5BDC1526D2C}"
EndProject
Project("{9A19103F-16F7-4668-BE54-9A1E7A4F7556}") = "Stormancer.Server.Plugins.Galaxy", "Galaxy\Stormancer.Server.Plugins.Galaxy\Stormancer.Server.Plugins.Galaxy.csproj", "{401BE992-6208-4B9B-87AE-17CF64B8637E}"
	ProjectSection(ProjectDependencies) = postProject
		{2BBCE940-56CA-4B3E-AD26-3A5E01080954} = {2BBCE940-56CA-4B3E-AD26-3A5E01080954}
		{4F8A6C4E-4E6F-4FFE-A425-B6A59673ED35} = {4F8A6C4E-4E6F-4FFE-A425-B6A59673ED35}
		{59EBAC2A-6170-487B-9660-F13D8F0A255A} = {59EBAC2A-6170-487B-9660-F13D8F0A255A}
		{BF0C3998-90BC-48C1-A975-C9738F752AA3} = {BF0C3998-90BC-48C1-A975-C9738F752AA3}
		{EF388E74-13B4-45F8-B7A3-A984A0CA2511} = {EF388E74-13B4-45F8-B7A3-A984A0CA2511}
	EndProjectSection
EndProject
Project("{9A19103F-16F7-4668-BE54-9A1E7A4F7556}") = "_build", "..\..\build\_build.csproj", "{8B769655-FFFD-49AF-A472-E48645FC3386}"
EndProject
Project("{2150E333-8FDC-42A3-9474-1A3956D46DE8}") = "Spectate", "Spectate", "{DD0DDB1E-6062-411F-9CA8-2CA0B6A9FD6C}"
EndProject
Project("{9A19103F-16F7-4668-BE54-9A1E7A4F7556}") = "Stormancer.Server.Plugins.Spectate", "Spectate\Stormancer.Server.Plugins.Spectate\Stormancer.Server.Plugins.Spectate.csproj", "{A8EDE6F2-EFB1-4E22-A59D-C4DB8E0515DC}"
EndProject
Project("{2150E333-8FDC-42A3-9474-1A3956D46DE8}") = "AccessLimits", "AccessLimits", "{1279C477-CFC3-4D49-9A6C-649F7C652FD6}"
EndProject
Project("{9A19103F-16F7-4668-BE54-9A1E7A4F7556}") = "Stormancer.Server.Plugins.Limits", "Limits\Stormancer.Server.Plugins.Limits\Stormancer.Server.Plugins.Limits.csproj", "{EEA73710-A05B-4DFA-826B-CBDD2F5BBCD2}"
EndProject
Project("{2150E333-8FDC-42A3-9474-1A3956D46DE8}") = "Replication", "Replication", "{652D1FD1-185D-4FCB-8DFE-B5D86C6245FD}"
EndProject
Project("{9A19103F-16F7-4668-BE54-9A1E7A4F7556}") = "Stormancer.Server.Plugins.Replication", "Replication\Stormancer.Server.Plugins.Replication\Stormancer.Server.Plugins.Replication.csproj", "{77DC1E3C-A228-4784-A502-2F868DCBAF81}"
EndProject
Project("{9A19103F-16F7-4668-BE54-9A1E7A4F7556}") = "Stormancer.Server.Plugins.Api.S2SProxyGenerator", "Api\Stormancer.Server.Plugins.Api.S2SProxyGenerator\Stormancer.Server.Plugins.Api.S2SProxyGenerator.csproj", "{07199811-963F-4F8E-AD41-F7746AF991D8}"
EndProject
Project("{9A19103F-16F7-4668-BE54-9A1E7A4F7556}") = "Stormancer.Server.Plugins.Annotations", "Utilities\Stormancer.Server.Plugins.Annotations\Stormancer.Server.Plugins.Annotations.csproj", "{EEB6C693-26BA-42F1-B826-9B9841B5E124}"
EndProject
Project("{9A19103F-16F7-4668-BE54-9A1E7A4F7556}") = "Stormancer.Server.Plugins.PeerConfiguration", "Configuration\Stormancer.Server.Plugins.PeerConfiguration\Stormancer.Server.Plugins.PeerConfiguration.csproj", "{09722116-6834-4F01-BB22-8373DEF3B6D5}"
EndProject
Project("{2150E333-8FDC-42A3-9474-1A3956D46DE8}") = "Queries", "Queries", "{E22235C6-7B33-4C1A-A2CD-5291FF7881DB}"
EndProject
Project("{9A19103F-16F7-4668-BE54-9A1E7A4F7556}") = "Stormancer.Server.Plugins.Queries", "Queries\Stormancer.Server.Plugins.Queries\Stormancer.Server.Plugins.Queries.csproj", "{3E5E476D-447C-4D57-84F1-9378BE7BF147}"
EndProject
Project("{2150E333-8FDC-42A3-9474-1A3956D46DE8}") = "SocketApi", "SocketApi", "{2AD1B518-2EBD-4DB5-8852-7E387A885470}"
	ProjectSection(SolutionItems) = preProject
		SocketApi\readme.md = SocketApi\readme.md
	EndProjectSection
EndProject
Project("{2150E333-8FDC-42A3-9474-1A3956D46DE8}") = "Plugins", "Plugins", "{FD264C24-4E01-4B1E-B5A1-489EC1C376E4}"
EndProject
Project("{2150E333-8FDC-42A3-9474-1A3956D46DE8}") = "Tests", "Tests", "{B2295F61-8B88-470D-AE05-2A16F02F4F1C}"
EndProject
Project("{8BC9CEB8-8B4A-11D0-8D11-00A0C91BC942}") = "Stormancer-Plugins-Tests-cpp", "..\..\tests\Stormancer-Plugins-Tests-cpp\Stormancer-Plugins-Tests-cpp.vcxproj", "{F5B5CDAE-DA83-4F7D-99E2-38D53485784B}"
EndProject
Project("{9A19103F-16F7-4668-BE54-9A1E7A4F7556}") = "Stormancer.Server.Plugins.SocketApi", "SocketApi\Stormancer.Server.Plugins.SocketApi\Stormancer.Server.Plugins.SocketApi.csproj", "{0D7AE398-2CE3-4D9D-836D-ABB85B3D9C99}"
EndProject
Project("{9A19103F-16F7-4668-BE54-9A1E7A4F7556}") = "Stormancer.Plugins.Tests.ServerApp", "..\..\tests\Stormancer.Plugins.Tests.ServerApp\Stormancer.Plugins.Tests.ServerApp.csproj", "{B6017E9C-8133-42E2-AAB5-2188FECF3A2C}"
	ProjectSection(ProjectDependencies) = postProject
		{0A37FA9A-4F9E-4C23-A64C-E9597EAF15A9} = {0A37FA9A-4F9E-4C23-A64C-E9597EAF15A9}
		{0D7AE398-2CE3-4D9D-836D-ABB85B3D9C99} = {0D7AE398-2CE3-4D9D-836D-ABB85B3D9C99}
		{3E5E476D-447C-4D57-84F1-9378BE7BF147} = {3E5E476D-447C-4D57-84F1-9378BE7BF147}
		{4CFE274A-8AAB-4243-A3CC-DDF2472A83E0} = {4CFE274A-8AAB-4243-A3CC-DDF2472A83E0}
		{77DC1E3C-A228-4784-A502-2F868DCBAF81} = {77DC1E3C-A228-4784-A502-2F868DCBAF81}
		{83965663-8871-4C88-BED0-A9F84653F6F9} = {83965663-8871-4C88-BED0-A9F84653F6F9}
		{BF0C3998-90BC-48C1-A975-C9738F752AA3} = {BF0C3998-90BC-48C1-A975-C9738F752AA3}
		{DCB40DCC-4CB7-470D-B919-FB580F7966F9} = {DCB40DCC-4CB7-470D-B919-FB580F7966F9}
		{EF388E74-13B4-45F8-B7A3-A984A0CA2511} = {EF388E74-13B4-45F8-B7A3-A984A0CA2511}
	EndProjectSection
EndProject
Project("{2150E333-8FDC-42A3-9474-1A3956D46DE8}") = "Epic", "Epic", "{937002A0-2FB6-4467-96F2-54EDF0A6DB93}"
EndProject
Project("{9A19103F-16F7-4668-BE54-9A1E7A4F7556}") = "Stormancer.Server.Plugins.Epic", "Epic\Stormancer.Server.Plugins.Epic\Stormancer.Server.Plugins.Epic.csproj", "{703254C3-1C59-41E9-A9F1-9BE443B02B40}"
EndProject
Project("{2150E333-8FDC-42A3-9474-1A3956D46DE8}") = "RemoteControl", "RemoteControl", "{CC9AAD2E-9A59-4E3E-8A6A-7E70D4E91EE1}"
EndProject
Project("{9A19103F-16F7-4668-BE54-9A1E7A4F7556}") = "Stormancer.Server.Plugins.RemoteControl", "RemoteControl\Stormancer.Server.Plugins.RemoteControl\Stormancer.Server.Plugins.RemoteControl.csproj", "{DA0A284E-03BD-4180-8431-702D869C20D5}"
EndProject
Project("{9A19103F-16F7-4668-BE54-9A1E7A4F7556}") = "Stormancer.Plugins.RemoteControl", "RemoteControl\Stormancer.Client.Plugins.RemoteControl\Stormancer.Plugins.RemoteControl.csproj", "{96E35FBB-0C17-4212-8329-026F0106C122}"
EndProject
Project("{8BC9CEB8-8B4A-11D0-8D11-00A0C91BC942}") = "Sample-cpp-Galaxy", "Galaxy\Sample-cpp-Galaxy\Sample-cpp-Galaxy.vcxproj", "{44E22F5A-72DA-4B36-A2B8-7EABC79E383D}"
	ProjectSection(ProjectDependencies) = postProject
		{401BE992-6208-4B9B-87AE-17CF64B8637E} = {401BE992-6208-4B9B-87AE-17CF64B8637E}
	EndProjectSection
EndProject
Project("{8BC9CEB8-8B4A-11D0-8D11-00A0C91BC942}") = "Sample-cpp-Epic", "Epic\Sample-cpp-Epic\Sample-cpp-Epic.vcxproj", "{8E4E2758-DFC2-46ED-A485-DF01EF88B95F}"
EndProject
Project("{8BC9CEB8-8B4A-11D0-8D11-00A0C91BC942}") = "gamesession-p2p-sample", "GameSession\samples\gamesession-p2p-sample\gamesession-p2p-sample.vcxproj", "{B71458A9-D397-4E2A-8E9B-5DA41AADC43B}"
EndProject
Project("{8BC9CEB8-8B4A-11D0-8D11-00A0C91BC942}") = "Sample-cpp-Steam", "Steam\Sample-cpp-Steam\Sample-cpp-Steam.vcxproj", "{6DCA1FEC-3598-49FD-AD8B-DCDEEB2FA7B3}"
	ProjectSection(ProjectDependencies) = postProject
		{3ACA378B-9698-480E-9D64-D29C90EFC0E9} = {3ACA378B-9698-480E-9D64-D29C90EFC0E9}
	EndProjectSection
EndProject
Project("{9A19103F-16F7-4668-BE54-9A1E7A4F7556}") = "Stormancer.GameServers.Agent", "GameSession\Stormancer.GameServers.Agent\Stormancer.GameServers.Agent.csproj", "{7A5E521C-5079-4CDA-9B83-DB49C9AA3D64}"
EndProject
Project("{2150E333-8FDC-42A3-9474-1A3956D46DE8}") = "Gameye", "Gameye", "{0780A7C2-5D87-492C-8DE3-A3C72DAD165B}"
EndProject
Project("{8BC9CEB8-8B4A-11D0-8D11-00A0C91BC942}") = "JoinSessionLoadTester", "..\..\tests\JoinSessionLoadTester\JoinSessionLoadTester.vcxproj", "{310A13EB-8C3D-41A8-81A3-A8806810C2D7}"
EndProject
Project("{9A19103F-16F7-4668-BE54-9A1E7A4F7556}") = "Stormancer.Abstractions.Server.Users", "Users\Stormancer.Abstractions.Server.Users\Stormancer.Abstractions.Server.Users.csproj", "{3BE68D6A-981F-4696-BD28-D97E0B6D8608}"
EndProject
Project("{2150E333-8FDC-42A3-9474-1A3956D46DE8}") = "Regions", "Regions", "{2B3E8F94-2646-4CB5-909D-9A665DF507A0}"
EndProject
Project("{9A19103F-16F7-4668-BE54-9A1E7A4F7556}") = "Stormancer.Server.Plugins.Regions", "Regions\Stormancer.Server.Plugins.Regions\Stormancer.Server.Plugins.Regions.csproj", "{1164B2AD-12ED-4EE9-8809-43C16A31E2C7}"
EndProject
Project("{9A19103F-16F7-4668-BE54-9A1E7A4F7556}") = "Stormancer.Server.Plugins.Gameye", "Gameye\Stormancer.Server.Plugins.Gameye\Stormancer.Server.Plugins.Gameye.csproj", "{674FF7A5-CBAB-4C2A-825C-EB25C8B7BFAB}"
EndProject
Project("{2150E333-8FDC-42A3-9474-1A3956D46DE8}") = "GeoIp", "GeoIp", "{E2BC01A9-0A4A-437C-B08E-738479C5A295}"
EndProject
Project("{9A19103F-16F7-4668-BE54-9A1E7A4F7556}") = "Stormancer.Server.Plugins.GeoIp.Maxmind", "GeoIp\Stormancer.Server.Plugins.GeoIp.Maxmind\Stormancer.Server.Plugins.GeoIp.Maxmind.csproj", "{AF016784-3B99-49F5-9BC6-EAF021B07CE0}"
EndProject
Project("{2150E333-8FDC-42A3-9474-1A3956D46DE8}") = "Collections", "Collections", "{9CA06DBE-DEE6-4DA1-B830-043494E6C15A}"
EndProject
Project("{FAE04EC0-301F-11D3-BF4B-00C04F79EFBC}") = "Stormancer.Server.Plugins.Collections", "Collections\Stormancer.Server.Plugins.Collections\Stormancer.Server.Plugins.Collections.csproj", "{BB26713B-5678-4F5D-906D-54C6338B576E}"
EndProject
Global
	GlobalSection(SolutionConfigurationPlatforms) = preSolution
		Debug|Any CPU = Debug|Any CPU
		Debug|x64 = Debug|x64
		Debug|x86 = Debug|x86
		Release|Any CPU = Release|Any CPU
		Release|x64 = Release|x64
		Release|x86 = Release|x86
	EndGlobalSection
	GlobalSection(ProjectConfigurationPlatforms) = postSolution
		{07DEF021-11C9-4334-954B-8A7B7EEDE43C}.Debug|Any CPU.ActiveCfg = Debug|Any CPU
		{07DEF021-11C9-4334-954B-8A7B7EEDE43C}.Debug|Any CPU.Build.0 = Debug|Any CPU
		{07DEF021-11C9-4334-954B-8A7B7EEDE43C}.Debug|x64.ActiveCfg = Debug|Any CPU
		{07DEF021-11C9-4334-954B-8A7B7EEDE43C}.Debug|x64.Build.0 = Debug|Any CPU
		{07DEF021-11C9-4334-954B-8A7B7EEDE43C}.Debug|x86.ActiveCfg = Debug|Any CPU
		{07DEF021-11C9-4334-954B-8A7B7EEDE43C}.Debug|x86.Build.0 = Debug|Any CPU
		{07DEF021-11C9-4334-954B-8A7B7EEDE43C}.Release|Any CPU.ActiveCfg = Release|Any CPU
		{07DEF021-11C9-4334-954B-8A7B7EEDE43C}.Release|Any CPU.Build.0 = Release|Any CPU
		{07DEF021-11C9-4334-954B-8A7B7EEDE43C}.Release|x64.ActiveCfg = Release|Any CPU
		{07DEF021-11C9-4334-954B-8A7B7EEDE43C}.Release|x64.Build.0 = Release|Any CPU
		{07DEF021-11C9-4334-954B-8A7B7EEDE43C}.Release|x86.ActiveCfg = Release|Any CPU
		{07DEF021-11C9-4334-954B-8A7B7EEDE43C}.Release|x86.Build.0 = Release|Any CPU
		{1BF95354-F5E4-4488-9FA7-9326744DC8FC}.Debug|Any CPU.ActiveCfg = Debug|Any CPU
		{1BF95354-F5E4-4488-9FA7-9326744DC8FC}.Debug|Any CPU.Build.0 = Debug|Any CPU
		{1BF95354-F5E4-4488-9FA7-9326744DC8FC}.Debug|x64.ActiveCfg = Debug|Any CPU
		{1BF95354-F5E4-4488-9FA7-9326744DC8FC}.Debug|x64.Build.0 = Debug|Any CPU
		{1BF95354-F5E4-4488-9FA7-9326744DC8FC}.Debug|x86.ActiveCfg = Debug|Any CPU
		{1BF95354-F5E4-4488-9FA7-9326744DC8FC}.Debug|x86.Build.0 = Debug|Any CPU
		{1BF95354-F5E4-4488-9FA7-9326744DC8FC}.Release|Any CPU.ActiveCfg = Release|Any CPU
		{1BF95354-F5E4-4488-9FA7-9326744DC8FC}.Release|Any CPU.Build.0 = Release|Any CPU
		{1BF95354-F5E4-4488-9FA7-9326744DC8FC}.Release|x64.ActiveCfg = Release|Any CPU
		{1BF95354-F5E4-4488-9FA7-9326744DC8FC}.Release|x64.Build.0 = Release|Any CPU
		{1BF95354-F5E4-4488-9FA7-9326744DC8FC}.Release|x86.ActiveCfg = Release|Any CPU
		{1BF95354-F5E4-4488-9FA7-9326744DC8FC}.Release|x86.Build.0 = Release|Any CPU
		{AE100FDD-53EB-40AB-A244-2F3352EBBBA6}.Debug|Any CPU.ActiveCfg = Debug|Any CPU
		{AE100FDD-53EB-40AB-A244-2F3352EBBBA6}.Debug|Any CPU.Build.0 = Debug|Any CPU
		{AE100FDD-53EB-40AB-A244-2F3352EBBBA6}.Debug|x64.ActiveCfg = Debug|Any CPU
		{AE100FDD-53EB-40AB-A244-2F3352EBBBA6}.Debug|x64.Build.0 = Debug|Any CPU
		{AE100FDD-53EB-40AB-A244-2F3352EBBBA6}.Debug|x86.ActiveCfg = Debug|Any CPU
		{AE100FDD-53EB-40AB-A244-2F3352EBBBA6}.Debug|x86.Build.0 = Debug|Any CPU
		{AE100FDD-53EB-40AB-A244-2F3352EBBBA6}.Release|Any CPU.ActiveCfg = Release|Any CPU
		{AE100FDD-53EB-40AB-A244-2F3352EBBBA6}.Release|Any CPU.Build.0 = Release|Any CPU
		{AE100FDD-53EB-40AB-A244-2F3352EBBBA6}.Release|x64.ActiveCfg = Release|Any CPU
		{AE100FDD-53EB-40AB-A244-2F3352EBBBA6}.Release|x64.Build.0 = Release|Any CPU
		{AE100FDD-53EB-40AB-A244-2F3352EBBBA6}.Release|x86.ActiveCfg = Release|Any CPU
		{AE100FDD-53EB-40AB-A244-2F3352EBBBA6}.Release|x86.Build.0 = Release|Any CPU
		{59EBAC2A-6170-487B-9660-F13D8F0A255A}.Debug|Any CPU.ActiveCfg = Debug|Any CPU
		{59EBAC2A-6170-487B-9660-F13D8F0A255A}.Debug|Any CPU.Build.0 = Debug|Any CPU
		{59EBAC2A-6170-487B-9660-F13D8F0A255A}.Debug|x64.ActiveCfg = Debug|Any CPU
		{59EBAC2A-6170-487B-9660-F13D8F0A255A}.Debug|x64.Build.0 = Debug|Any CPU
		{59EBAC2A-6170-487B-9660-F13D8F0A255A}.Debug|x86.ActiveCfg = Debug|Any CPU
		{59EBAC2A-6170-487B-9660-F13D8F0A255A}.Debug|x86.Build.0 = Debug|Any CPU
		{59EBAC2A-6170-487B-9660-F13D8F0A255A}.Release|Any CPU.ActiveCfg = Release|Any CPU
		{59EBAC2A-6170-487B-9660-F13D8F0A255A}.Release|Any CPU.Build.0 = Release|Any CPU
		{59EBAC2A-6170-487B-9660-F13D8F0A255A}.Release|x64.ActiveCfg = Release|Any CPU
		{59EBAC2A-6170-487B-9660-F13D8F0A255A}.Release|x64.Build.0 = Release|Any CPU
		{59EBAC2A-6170-487B-9660-F13D8F0A255A}.Release|x86.ActiveCfg = Release|Any CPU
		{59EBAC2A-6170-487B-9660-F13D8F0A255A}.Release|x86.Build.0 = Release|Any CPU
		{83965663-8871-4C88-BED0-A9F84653F6F9}.Debug|Any CPU.ActiveCfg = Debug|Any CPU
		{83965663-8871-4C88-BED0-A9F84653F6F9}.Debug|Any CPU.Build.0 = Debug|Any CPU
		{83965663-8871-4C88-BED0-A9F84653F6F9}.Debug|x64.ActiveCfg = Debug|Any CPU
		{83965663-8871-4C88-BED0-A9F84653F6F9}.Debug|x64.Build.0 = Debug|Any CPU
		{83965663-8871-4C88-BED0-A9F84653F6F9}.Debug|x86.ActiveCfg = Debug|Any CPU
		{83965663-8871-4C88-BED0-A9F84653F6F9}.Debug|x86.Build.0 = Debug|Any CPU
		{83965663-8871-4C88-BED0-A9F84653F6F9}.Release|Any CPU.ActiveCfg = Release|Any CPU
		{83965663-8871-4C88-BED0-A9F84653F6F9}.Release|Any CPU.Build.0 = Release|Any CPU
		{83965663-8871-4C88-BED0-A9F84653F6F9}.Release|x64.ActiveCfg = Release|Any CPU
		{83965663-8871-4C88-BED0-A9F84653F6F9}.Release|x64.Build.0 = Release|Any CPU
		{83965663-8871-4C88-BED0-A9F84653F6F9}.Release|x86.ActiveCfg = Release|Any CPU
		{83965663-8871-4C88-BED0-A9F84653F6F9}.Release|x86.Build.0 = Release|Any CPU
		{F5536D18-7EFB-4AC6-B285-95ABF4CE6F4D}.Debug|Any CPU.ActiveCfg = Debug|Any CPU
		{F5536D18-7EFB-4AC6-B285-95ABF4CE6F4D}.Debug|Any CPU.Build.0 = Debug|Any CPU
		{F5536D18-7EFB-4AC6-B285-95ABF4CE6F4D}.Debug|x64.ActiveCfg = Debug|Any CPU
		{F5536D18-7EFB-4AC6-B285-95ABF4CE6F4D}.Debug|x64.Build.0 = Debug|Any CPU
		{F5536D18-7EFB-4AC6-B285-95ABF4CE6F4D}.Debug|x86.ActiveCfg = Debug|Any CPU
		{F5536D18-7EFB-4AC6-B285-95ABF4CE6F4D}.Debug|x86.Build.0 = Debug|Any CPU
		{F5536D18-7EFB-4AC6-B285-95ABF4CE6F4D}.Release|Any CPU.ActiveCfg = Release|Any CPU
		{F5536D18-7EFB-4AC6-B285-95ABF4CE6F4D}.Release|Any CPU.Build.0 = Release|Any CPU
		{F5536D18-7EFB-4AC6-B285-95ABF4CE6F4D}.Release|x64.ActiveCfg = Release|Any CPU
		{F5536D18-7EFB-4AC6-B285-95ABF4CE6F4D}.Release|x64.Build.0 = Release|Any CPU
		{F5536D18-7EFB-4AC6-B285-95ABF4CE6F4D}.Release|x86.ActiveCfg = Release|Any CPU
		{F5536D18-7EFB-4AC6-B285-95ABF4CE6F4D}.Release|x86.Build.0 = Release|Any CPU
		{18EF2FE1-1B0F-437A-9746-2D3EC5BEC0B1}.Debug|Any CPU.ActiveCfg = Debug|Any CPU
		{18EF2FE1-1B0F-437A-9746-2D3EC5BEC0B1}.Debug|Any CPU.Build.0 = Debug|Any CPU
		{18EF2FE1-1B0F-437A-9746-2D3EC5BEC0B1}.Debug|x64.ActiveCfg = Debug|Any CPU
		{18EF2FE1-1B0F-437A-9746-2D3EC5BEC0B1}.Debug|x64.Build.0 = Debug|Any CPU
		{18EF2FE1-1B0F-437A-9746-2D3EC5BEC0B1}.Debug|x86.ActiveCfg = Debug|Any CPU
		{18EF2FE1-1B0F-437A-9746-2D3EC5BEC0B1}.Debug|x86.Build.0 = Debug|Any CPU
		{18EF2FE1-1B0F-437A-9746-2D3EC5BEC0B1}.Release|Any CPU.ActiveCfg = Release|Any CPU
		{18EF2FE1-1B0F-437A-9746-2D3EC5BEC0B1}.Release|Any CPU.Build.0 = Release|Any CPU
		{18EF2FE1-1B0F-437A-9746-2D3EC5BEC0B1}.Release|x64.ActiveCfg = Release|Any CPU
		{18EF2FE1-1B0F-437A-9746-2D3EC5BEC0B1}.Release|x64.Build.0 = Release|Any CPU
		{18EF2FE1-1B0F-437A-9746-2D3EC5BEC0B1}.Release|x86.ActiveCfg = Release|Any CPU
		{18EF2FE1-1B0F-437A-9746-2D3EC5BEC0B1}.Release|x86.Build.0 = Release|Any CPU
		{4CFE274A-8AAB-4243-A3CC-DDF2472A83E0}.Debug|Any CPU.ActiveCfg = Debug|Any CPU
		{4CFE274A-8AAB-4243-A3CC-DDF2472A83E0}.Debug|Any CPU.Build.0 = Debug|Any CPU
		{4CFE274A-8AAB-4243-A3CC-DDF2472A83E0}.Debug|x64.ActiveCfg = Debug|Any CPU
		{4CFE274A-8AAB-4243-A3CC-DDF2472A83E0}.Debug|x64.Build.0 = Debug|Any CPU
		{4CFE274A-8AAB-4243-A3CC-DDF2472A83E0}.Debug|x86.ActiveCfg = Debug|Any CPU
		{4CFE274A-8AAB-4243-A3CC-DDF2472A83E0}.Debug|x86.Build.0 = Debug|Any CPU
		{4CFE274A-8AAB-4243-A3CC-DDF2472A83E0}.Release|Any CPU.ActiveCfg = Release|Any CPU
		{4CFE274A-8AAB-4243-A3CC-DDF2472A83E0}.Release|Any CPU.Build.0 = Release|Any CPU
		{4CFE274A-8AAB-4243-A3CC-DDF2472A83E0}.Release|x64.ActiveCfg = Release|Any CPU
		{4CFE274A-8AAB-4243-A3CC-DDF2472A83E0}.Release|x64.Build.0 = Release|Any CPU
		{4CFE274A-8AAB-4243-A3CC-DDF2472A83E0}.Release|x86.ActiveCfg = Release|Any CPU
		{4CFE274A-8AAB-4243-A3CC-DDF2472A83E0}.Release|x86.Build.0 = Release|Any CPU
		{55F55C7C-B0A4-4276-9BDE-0DD254C5E540}.Debug|Any CPU.ActiveCfg = Debug|Any CPU
		{55F55C7C-B0A4-4276-9BDE-0DD254C5E540}.Debug|Any CPU.Build.0 = Debug|Any CPU
		{55F55C7C-B0A4-4276-9BDE-0DD254C5E540}.Debug|x64.ActiveCfg = Debug|Any CPU
		{55F55C7C-B0A4-4276-9BDE-0DD254C5E540}.Debug|x64.Build.0 = Debug|Any CPU
		{55F55C7C-B0A4-4276-9BDE-0DD254C5E540}.Debug|x86.ActiveCfg = Debug|Any CPU
		{55F55C7C-B0A4-4276-9BDE-0DD254C5E540}.Debug|x86.Build.0 = Debug|Any CPU
		{55F55C7C-B0A4-4276-9BDE-0DD254C5E540}.Release|Any CPU.ActiveCfg = Release|Any CPU
		{55F55C7C-B0A4-4276-9BDE-0DD254C5E540}.Release|Any CPU.Build.0 = Release|Any CPU
		{55F55C7C-B0A4-4276-9BDE-0DD254C5E540}.Release|x64.ActiveCfg = Release|Any CPU
		{55F55C7C-B0A4-4276-9BDE-0DD254C5E540}.Release|x64.Build.0 = Release|Any CPU
		{55F55C7C-B0A4-4276-9BDE-0DD254C5E540}.Release|x86.ActiveCfg = Release|Any CPU
		{55F55C7C-B0A4-4276-9BDE-0DD254C5E540}.Release|x86.Build.0 = Release|Any CPU
		{BF0C3998-90BC-48C1-A975-C9738F752AA3}.Debug|Any CPU.ActiveCfg = Debug|Any CPU
		{BF0C3998-90BC-48C1-A975-C9738F752AA3}.Debug|Any CPU.Build.0 = Debug|Any CPU
		{BF0C3998-90BC-48C1-A975-C9738F752AA3}.Debug|x64.ActiveCfg = Debug|Any CPU
		{BF0C3998-90BC-48C1-A975-C9738F752AA3}.Debug|x64.Build.0 = Debug|Any CPU
		{BF0C3998-90BC-48C1-A975-C9738F752AA3}.Debug|x86.ActiveCfg = Debug|Any CPU
		{BF0C3998-90BC-48C1-A975-C9738F752AA3}.Debug|x86.Build.0 = Debug|Any CPU
		{BF0C3998-90BC-48C1-A975-C9738F752AA3}.Release|Any CPU.ActiveCfg = Release|Any CPU
		{BF0C3998-90BC-48C1-A975-C9738F752AA3}.Release|Any CPU.Build.0 = Release|Any CPU
		{BF0C3998-90BC-48C1-A975-C9738F752AA3}.Release|x64.ActiveCfg = Release|Any CPU
		{BF0C3998-90BC-48C1-A975-C9738F752AA3}.Release|x64.Build.0 = Release|Any CPU
		{BF0C3998-90BC-48C1-A975-C9738F752AA3}.Release|x86.ActiveCfg = Release|Any CPU
		{BF0C3998-90BC-48C1-A975-C9738F752AA3}.Release|x86.Build.0 = Release|Any CPU
		{2BBCE940-56CA-4B3E-AD26-3A5E01080954}.Debug|Any CPU.ActiveCfg = Debug|Any CPU
		{2BBCE940-56CA-4B3E-AD26-3A5E01080954}.Debug|Any CPU.Build.0 = Debug|Any CPU
		{2BBCE940-56CA-4B3E-AD26-3A5E01080954}.Debug|x64.ActiveCfg = Debug|Any CPU
		{2BBCE940-56CA-4B3E-AD26-3A5E01080954}.Debug|x64.Build.0 = Debug|Any CPU
		{2BBCE940-56CA-4B3E-AD26-3A5E01080954}.Debug|x86.ActiveCfg = Debug|Any CPU
		{2BBCE940-56CA-4B3E-AD26-3A5E01080954}.Debug|x86.Build.0 = Debug|Any CPU
		{2BBCE940-56CA-4B3E-AD26-3A5E01080954}.Release|Any CPU.ActiveCfg = Release|Any CPU
		{2BBCE940-56CA-4B3E-AD26-3A5E01080954}.Release|Any CPU.Build.0 = Release|Any CPU
		{2BBCE940-56CA-4B3E-AD26-3A5E01080954}.Release|x64.ActiveCfg = Release|Any CPU
		{2BBCE940-56CA-4B3E-AD26-3A5E01080954}.Release|x64.Build.0 = Release|Any CPU
		{2BBCE940-56CA-4B3E-AD26-3A5E01080954}.Release|x86.ActiveCfg = Release|Any CPU
		{2BBCE940-56CA-4B3E-AD26-3A5E01080954}.Release|x86.Build.0 = Release|Any CPU
		{EF388E74-13B4-45F8-B7A3-A984A0CA2511}.Debug|Any CPU.ActiveCfg = Debug|Any CPU
		{EF388E74-13B4-45F8-B7A3-A984A0CA2511}.Debug|Any CPU.Build.0 = Debug|Any CPU
		{EF388E74-13B4-45F8-B7A3-A984A0CA2511}.Debug|x64.ActiveCfg = Debug|Any CPU
		{EF388E74-13B4-45F8-B7A3-A984A0CA2511}.Debug|x64.Build.0 = Debug|Any CPU
		{EF388E74-13B4-45F8-B7A3-A984A0CA2511}.Debug|x86.ActiveCfg = Debug|Any CPU
		{EF388E74-13B4-45F8-B7A3-A984A0CA2511}.Debug|x86.Build.0 = Debug|Any CPU
		{EF388E74-13B4-45F8-B7A3-A984A0CA2511}.Release|Any CPU.ActiveCfg = Release|Any CPU
		{EF388E74-13B4-45F8-B7A3-A984A0CA2511}.Release|Any CPU.Build.0 = Release|Any CPU
		{EF388E74-13B4-45F8-B7A3-A984A0CA2511}.Release|x64.ActiveCfg = Release|Any CPU
		{EF388E74-13B4-45F8-B7A3-A984A0CA2511}.Release|x64.Build.0 = Release|Any CPU
		{EF388E74-13B4-45F8-B7A3-A984A0CA2511}.Release|x86.ActiveCfg = Release|Any CPU
		{EF388E74-13B4-45F8-B7A3-A984A0CA2511}.Release|x86.Build.0 = Release|Any CPU
		{0A37FA9A-4F9E-4C23-A64C-E9597EAF15A9}.Debug|Any CPU.ActiveCfg = Debug|Any CPU
		{0A37FA9A-4F9E-4C23-A64C-E9597EAF15A9}.Debug|Any CPU.Build.0 = Debug|Any CPU
		{0A37FA9A-4F9E-4C23-A64C-E9597EAF15A9}.Debug|x64.ActiveCfg = Debug|Any CPU
		{0A37FA9A-4F9E-4C23-A64C-E9597EAF15A9}.Debug|x64.Build.0 = Debug|Any CPU
		{0A37FA9A-4F9E-4C23-A64C-E9597EAF15A9}.Debug|x86.ActiveCfg = Debug|Any CPU
		{0A37FA9A-4F9E-4C23-A64C-E9597EAF15A9}.Debug|x86.Build.0 = Debug|Any CPU
		{0A37FA9A-4F9E-4C23-A64C-E9597EAF15A9}.Release|Any CPU.ActiveCfg = Release|Any CPU
		{0A37FA9A-4F9E-4C23-A64C-E9597EAF15A9}.Release|Any CPU.Build.0 = Release|Any CPU
		{0A37FA9A-4F9E-4C23-A64C-E9597EAF15A9}.Release|x64.ActiveCfg = Release|Any CPU
		{0A37FA9A-4F9E-4C23-A64C-E9597EAF15A9}.Release|x64.Build.0 = Release|Any CPU
		{0A37FA9A-4F9E-4C23-A64C-E9597EAF15A9}.Release|x86.ActiveCfg = Release|Any CPU
		{0A37FA9A-4F9E-4C23-A64C-E9597EAF15A9}.Release|x86.Build.0 = Release|Any CPU
		{4F8A6C4E-4E6F-4FFE-A425-B6A59673ED35}.Debug|Any CPU.ActiveCfg = Debug|Any CPU
		{4F8A6C4E-4E6F-4FFE-A425-B6A59673ED35}.Debug|Any CPU.Build.0 = Debug|Any CPU
		{4F8A6C4E-4E6F-4FFE-A425-B6A59673ED35}.Debug|x64.ActiveCfg = Debug|Any CPU
		{4F8A6C4E-4E6F-4FFE-A425-B6A59673ED35}.Debug|x64.Build.0 = Debug|Any CPU
		{4F8A6C4E-4E6F-4FFE-A425-B6A59673ED35}.Debug|x86.ActiveCfg = Debug|Any CPU
		{4F8A6C4E-4E6F-4FFE-A425-B6A59673ED35}.Debug|x86.Build.0 = Debug|Any CPU
		{4F8A6C4E-4E6F-4FFE-A425-B6A59673ED35}.Release|Any CPU.ActiveCfg = Release|Any CPU
		{4F8A6C4E-4E6F-4FFE-A425-B6A59673ED35}.Release|Any CPU.Build.0 = Release|Any CPU
		{4F8A6C4E-4E6F-4FFE-A425-B6A59673ED35}.Release|x64.ActiveCfg = Release|Any CPU
		{4F8A6C4E-4E6F-4FFE-A425-B6A59673ED35}.Release|x64.Build.0 = Release|Any CPU
		{4F8A6C4E-4E6F-4FFE-A425-B6A59673ED35}.Release|x86.ActiveCfg = Release|Any CPU
		{4F8A6C4E-4E6F-4FFE-A425-B6A59673ED35}.Release|x86.Build.0 = Release|Any CPU
		{A502804A-6D2D-4201-A48B-87C46F023887}.Debug|Any CPU.ActiveCfg = Debug|Any CPU
		{A502804A-6D2D-4201-A48B-87C46F023887}.Debug|Any CPU.Build.0 = Debug|Any CPU
		{A502804A-6D2D-4201-A48B-87C46F023887}.Debug|x64.ActiveCfg = Debug|Any CPU
		{A502804A-6D2D-4201-A48B-87C46F023887}.Debug|x64.Build.0 = Debug|Any CPU
		{A502804A-6D2D-4201-A48B-87C46F023887}.Debug|x86.ActiveCfg = Debug|Any CPU
		{A502804A-6D2D-4201-A48B-87C46F023887}.Debug|x86.Build.0 = Debug|Any CPU
		{A502804A-6D2D-4201-A48B-87C46F023887}.Release|Any CPU.ActiveCfg = Release|Any CPU
		{A502804A-6D2D-4201-A48B-87C46F023887}.Release|Any CPU.Build.0 = Release|Any CPU
		{A502804A-6D2D-4201-A48B-87C46F023887}.Release|x64.ActiveCfg = Release|Any CPU
		{A502804A-6D2D-4201-A48B-87C46F023887}.Release|x64.Build.0 = Release|Any CPU
		{A502804A-6D2D-4201-A48B-87C46F023887}.Release|x86.ActiveCfg = Release|Any CPU
		{A502804A-6D2D-4201-A48B-87C46F023887}.Release|x86.Build.0 = Release|Any CPU
		{79DB11AB-6B3A-4E40-A5BF-F93A954C2934}.Debug|Any CPU.ActiveCfg = Debug|Any CPU
		{79DB11AB-6B3A-4E40-A5BF-F93A954C2934}.Debug|Any CPU.Build.0 = Debug|Any CPU
		{79DB11AB-6B3A-4E40-A5BF-F93A954C2934}.Debug|x64.ActiveCfg = Debug|Any CPU
		{79DB11AB-6B3A-4E40-A5BF-F93A954C2934}.Debug|x64.Build.0 = Debug|Any CPU
		{79DB11AB-6B3A-4E40-A5BF-F93A954C2934}.Debug|x86.ActiveCfg = Debug|Any CPU
		{79DB11AB-6B3A-4E40-A5BF-F93A954C2934}.Debug|x86.Build.0 = Debug|Any CPU
		{79DB11AB-6B3A-4E40-A5BF-F93A954C2934}.Release|Any CPU.ActiveCfg = Release|Any CPU
		{79DB11AB-6B3A-4E40-A5BF-F93A954C2934}.Release|Any CPU.Build.0 = Release|Any CPU
		{79DB11AB-6B3A-4E40-A5BF-F93A954C2934}.Release|x64.ActiveCfg = Release|Any CPU
		{79DB11AB-6B3A-4E40-A5BF-F93A954C2934}.Release|x64.Build.0 = Release|Any CPU
		{79DB11AB-6B3A-4E40-A5BF-F93A954C2934}.Release|x86.ActiveCfg = Release|Any CPU
		{79DB11AB-6B3A-4E40-A5BF-F93A954C2934}.Release|x86.Build.0 = Release|Any CPU
		{292FFA5D-7582-4882-BB14-6B1013824CE4}.Debug|Any CPU.ActiveCfg = Debug|Any CPU
		{292FFA5D-7582-4882-BB14-6B1013824CE4}.Debug|Any CPU.Build.0 = Debug|Any CPU
		{292FFA5D-7582-4882-BB14-6B1013824CE4}.Debug|x64.ActiveCfg = Debug|Any CPU
		{292FFA5D-7582-4882-BB14-6B1013824CE4}.Debug|x64.Build.0 = Debug|Any CPU
		{292FFA5D-7582-4882-BB14-6B1013824CE4}.Debug|x86.ActiveCfg = Debug|Any CPU
		{292FFA5D-7582-4882-BB14-6B1013824CE4}.Debug|x86.Build.0 = Debug|Any CPU
		{292FFA5D-7582-4882-BB14-6B1013824CE4}.Release|Any CPU.ActiveCfg = Release|Any CPU
		{292FFA5D-7582-4882-BB14-6B1013824CE4}.Release|Any CPU.Build.0 = Release|Any CPU
		{292FFA5D-7582-4882-BB14-6B1013824CE4}.Release|x64.ActiveCfg = Release|Any CPU
		{292FFA5D-7582-4882-BB14-6B1013824CE4}.Release|x64.Build.0 = Release|Any CPU
		{292FFA5D-7582-4882-BB14-6B1013824CE4}.Release|x86.ActiveCfg = Release|Any CPU
		{292FFA5D-7582-4882-BB14-6B1013824CE4}.Release|x86.Build.0 = Release|Any CPU
		{3B5355D4-590E-42F2-AE80-8FB5433D1198}.Debug|Any CPU.ActiveCfg = Debug|Any CPU
		{3B5355D4-590E-42F2-AE80-8FB5433D1198}.Debug|Any CPU.Build.0 = Debug|Any CPU
		{3B5355D4-590E-42F2-AE80-8FB5433D1198}.Debug|x64.ActiveCfg = Debug|Any CPU
		{3B5355D4-590E-42F2-AE80-8FB5433D1198}.Debug|x64.Build.0 = Debug|Any CPU
		{3B5355D4-590E-42F2-AE80-8FB5433D1198}.Debug|x86.ActiveCfg = Debug|Any CPU
		{3B5355D4-590E-42F2-AE80-8FB5433D1198}.Debug|x86.Build.0 = Debug|Any CPU
		{3B5355D4-590E-42F2-AE80-8FB5433D1198}.Release|Any CPU.ActiveCfg = Release|Any CPU
		{3B5355D4-590E-42F2-AE80-8FB5433D1198}.Release|Any CPU.Build.0 = Release|Any CPU
		{3B5355D4-590E-42F2-AE80-8FB5433D1198}.Release|x64.ActiveCfg = Release|Any CPU
		{3B5355D4-590E-42F2-AE80-8FB5433D1198}.Release|x64.Build.0 = Release|Any CPU
		{3B5355D4-590E-42F2-AE80-8FB5433D1198}.Release|x86.ActiveCfg = Release|Any CPU
		{3B5355D4-590E-42F2-AE80-8FB5433D1198}.Release|x86.Build.0 = Release|Any CPU
		{3ACA378B-9698-480E-9D64-D29C90EFC0E9}.Debug|Any CPU.ActiveCfg = Debug|Any CPU
		{3ACA378B-9698-480E-9D64-D29C90EFC0E9}.Debug|Any CPU.Build.0 = Debug|Any CPU
		{3ACA378B-9698-480E-9D64-D29C90EFC0E9}.Debug|x64.ActiveCfg = Debug|Any CPU
		{3ACA378B-9698-480E-9D64-D29C90EFC0E9}.Debug|x64.Build.0 = Debug|Any CPU
		{3ACA378B-9698-480E-9D64-D29C90EFC0E9}.Debug|x86.ActiveCfg = Debug|Any CPU
		{3ACA378B-9698-480E-9D64-D29C90EFC0E9}.Debug|x86.Build.0 = Debug|Any CPU
		{3ACA378B-9698-480E-9D64-D29C90EFC0E9}.Release|Any CPU.ActiveCfg = Release|Any CPU
		{3ACA378B-9698-480E-9D64-D29C90EFC0E9}.Release|Any CPU.Build.0 = Release|Any CPU
		{3ACA378B-9698-480E-9D64-D29C90EFC0E9}.Release|x64.ActiveCfg = Release|Any CPU
		{3ACA378B-9698-480E-9D64-D29C90EFC0E9}.Release|x64.Build.0 = Release|Any CPU
		{3ACA378B-9698-480E-9D64-D29C90EFC0E9}.Release|x86.ActiveCfg = Release|Any CPU
		{3ACA378B-9698-480E-9D64-D29C90EFC0E9}.Release|x86.Build.0 = Release|Any CPU
		{95C93690-3573-4238-BF0A-B5AC4BE21246}.Debug|Any CPU.ActiveCfg = Debug|Any CPU
		{95C93690-3573-4238-BF0A-B5AC4BE21246}.Debug|Any CPU.Build.0 = Debug|Any CPU
		{95C93690-3573-4238-BF0A-B5AC4BE21246}.Debug|x64.ActiveCfg = Debug|Any CPU
		{95C93690-3573-4238-BF0A-B5AC4BE21246}.Debug|x64.Build.0 = Debug|Any CPU
		{95C93690-3573-4238-BF0A-B5AC4BE21246}.Debug|x86.ActiveCfg = Debug|Any CPU
		{95C93690-3573-4238-BF0A-B5AC4BE21246}.Debug|x86.Build.0 = Debug|Any CPU
		{95C93690-3573-4238-BF0A-B5AC4BE21246}.Release|Any CPU.ActiveCfg = Release|Any CPU
		{95C93690-3573-4238-BF0A-B5AC4BE21246}.Release|Any CPU.Build.0 = Release|Any CPU
		{95C93690-3573-4238-BF0A-B5AC4BE21246}.Release|x64.ActiveCfg = Release|Any CPU
		{95C93690-3573-4238-BF0A-B5AC4BE21246}.Release|x64.Build.0 = Release|Any CPU
		{95C93690-3573-4238-BF0A-B5AC4BE21246}.Release|x86.ActiveCfg = Release|Any CPU
		{95C93690-3573-4238-BF0A-B5AC4BE21246}.Release|x86.Build.0 = Release|Any CPU
		{86DD130C-A52B-461F-A1F3-00A175C9BB34}.Debug|Any CPU.ActiveCfg = Debug|Any CPU
		{86DD130C-A52B-461F-A1F3-00A175C9BB34}.Debug|Any CPU.Build.0 = Debug|Any CPU
		{86DD130C-A52B-461F-A1F3-00A175C9BB34}.Debug|x64.ActiveCfg = Debug|Any CPU
		{86DD130C-A52B-461F-A1F3-00A175C9BB34}.Debug|x64.Build.0 = Debug|Any CPU
		{86DD130C-A52B-461F-A1F3-00A175C9BB34}.Debug|x86.ActiveCfg = Debug|Any CPU
		{86DD130C-A52B-461F-A1F3-00A175C9BB34}.Debug|x86.Build.0 = Debug|Any CPU
		{86DD130C-A52B-461F-A1F3-00A175C9BB34}.Release|Any CPU.ActiveCfg = Release|Any CPU
		{86DD130C-A52B-461F-A1F3-00A175C9BB34}.Release|Any CPU.Build.0 = Release|Any CPU
		{86DD130C-A52B-461F-A1F3-00A175C9BB34}.Release|x64.ActiveCfg = Release|Any CPU
		{86DD130C-A52B-461F-A1F3-00A175C9BB34}.Release|x64.Build.0 = Release|Any CPU
		{86DD130C-A52B-461F-A1F3-00A175C9BB34}.Release|x86.ActiveCfg = Release|Any CPU
		{86DD130C-A52B-461F-A1F3-00A175C9BB34}.Release|x86.Build.0 = Release|Any CPU
		{DDC7F922-BD93-4D63-9396-323948A64738}.Debug|Any CPU.ActiveCfg = Debug|Any CPU
		{DDC7F922-BD93-4D63-9396-323948A64738}.Debug|Any CPU.Build.0 = Debug|Any CPU
		{DDC7F922-BD93-4D63-9396-323948A64738}.Debug|x64.ActiveCfg = Debug|Any CPU
		{DDC7F922-BD93-4D63-9396-323948A64738}.Debug|x64.Build.0 = Debug|Any CPU
		{DDC7F922-BD93-4D63-9396-323948A64738}.Debug|x86.ActiveCfg = Debug|Any CPU
		{DDC7F922-BD93-4D63-9396-323948A64738}.Debug|x86.Build.0 = Debug|Any CPU
		{DDC7F922-BD93-4D63-9396-323948A64738}.Release|Any CPU.ActiveCfg = Release|Any CPU
		{DDC7F922-BD93-4D63-9396-323948A64738}.Release|Any CPU.Build.0 = Release|Any CPU
		{DDC7F922-BD93-4D63-9396-323948A64738}.Release|x64.ActiveCfg = Release|Any CPU
		{DDC7F922-BD93-4D63-9396-323948A64738}.Release|x64.Build.0 = Release|Any CPU
		{DDC7F922-BD93-4D63-9396-323948A64738}.Release|x86.ActiveCfg = Release|Any CPU
		{DDC7F922-BD93-4D63-9396-323948A64738}.Release|x86.Build.0 = Release|Any CPU
		{673DC354-0751-4A1E-91D0-4A05E87EE738}.Debug|Any CPU.ActiveCfg = Debug|Any CPU
		{673DC354-0751-4A1E-91D0-4A05E87EE738}.Debug|Any CPU.Build.0 = Debug|Any CPU
		{673DC354-0751-4A1E-91D0-4A05E87EE738}.Debug|x64.ActiveCfg = Debug|Any CPU
		{673DC354-0751-4A1E-91D0-4A05E87EE738}.Debug|x64.Build.0 = Debug|Any CPU
		{673DC354-0751-4A1E-91D0-4A05E87EE738}.Debug|x86.ActiveCfg = Debug|Any CPU
		{673DC354-0751-4A1E-91D0-4A05E87EE738}.Debug|x86.Build.0 = Debug|Any CPU
		{673DC354-0751-4A1E-91D0-4A05E87EE738}.Release|Any CPU.ActiveCfg = Release|Any CPU
		{673DC354-0751-4A1E-91D0-4A05E87EE738}.Release|Any CPU.Build.0 = Release|Any CPU
		{673DC354-0751-4A1E-91D0-4A05E87EE738}.Release|x64.ActiveCfg = Release|Any CPU
		{673DC354-0751-4A1E-91D0-4A05E87EE738}.Release|x64.Build.0 = Release|Any CPU
		{673DC354-0751-4A1E-91D0-4A05E87EE738}.Release|x86.ActiveCfg = Release|Any CPU
		{673DC354-0751-4A1E-91D0-4A05E87EE738}.Release|x86.Build.0 = Release|Any CPU
		{DCB40DCC-4CB7-470D-B919-FB580F7966F9}.Debug|Any CPU.ActiveCfg = Debug|Any CPU
		{DCB40DCC-4CB7-470D-B919-FB580F7966F9}.Debug|Any CPU.Build.0 = Debug|Any CPU
		{DCB40DCC-4CB7-470D-B919-FB580F7966F9}.Debug|x64.ActiveCfg = Debug|Any CPU
		{DCB40DCC-4CB7-470D-B919-FB580F7966F9}.Debug|x64.Build.0 = Debug|Any CPU
		{DCB40DCC-4CB7-470D-B919-FB580F7966F9}.Debug|x86.ActiveCfg = Debug|Any CPU
		{DCB40DCC-4CB7-470D-B919-FB580F7966F9}.Debug|x86.Build.0 = Debug|Any CPU
		{DCB40DCC-4CB7-470D-B919-FB580F7966F9}.Release|Any CPU.ActiveCfg = Release|Any CPU
		{DCB40DCC-4CB7-470D-B919-FB580F7966F9}.Release|Any CPU.Build.0 = Release|Any CPU
		{DCB40DCC-4CB7-470D-B919-FB580F7966F9}.Release|x64.ActiveCfg = Release|Any CPU
		{DCB40DCC-4CB7-470D-B919-FB580F7966F9}.Release|x64.Build.0 = Release|Any CPU
		{DCB40DCC-4CB7-470D-B919-FB580F7966F9}.Release|x86.ActiveCfg = Release|Any CPU
		{DCB40DCC-4CB7-470D-B919-FB580F7966F9}.Release|x86.Build.0 = Release|Any CPU
		{401BE992-6208-4B9B-87AE-17CF64B8637E}.Debug|Any CPU.ActiveCfg = Debug|Any CPU
		{401BE992-6208-4B9B-87AE-17CF64B8637E}.Debug|Any CPU.Build.0 = Debug|Any CPU
		{401BE992-6208-4B9B-87AE-17CF64B8637E}.Debug|x64.ActiveCfg = Debug|Any CPU
		{401BE992-6208-4B9B-87AE-17CF64B8637E}.Debug|x64.Build.0 = Debug|Any CPU
		{401BE992-6208-4B9B-87AE-17CF64B8637E}.Debug|x86.ActiveCfg = Debug|Any CPU
		{401BE992-6208-4B9B-87AE-17CF64B8637E}.Debug|x86.Build.0 = Debug|Any CPU
		{401BE992-6208-4B9B-87AE-17CF64B8637E}.Release|Any CPU.ActiveCfg = Release|Any CPU
		{401BE992-6208-4B9B-87AE-17CF64B8637E}.Release|Any CPU.Build.0 = Release|Any CPU
		{401BE992-6208-4B9B-87AE-17CF64B8637E}.Release|x64.ActiveCfg = Release|Any CPU
		{401BE992-6208-4B9B-87AE-17CF64B8637E}.Release|x64.Build.0 = Release|Any CPU
		{401BE992-6208-4B9B-87AE-17CF64B8637E}.Release|x86.ActiveCfg = Release|Any CPU
		{401BE992-6208-4B9B-87AE-17CF64B8637E}.Release|x86.Build.0 = Release|Any CPU
		{8B769655-FFFD-49AF-A472-E48645FC3386}.Debug|Any CPU.ActiveCfg = Debug|Any CPU
		{8B769655-FFFD-49AF-A472-E48645FC3386}.Debug|x64.ActiveCfg = Debug|Any CPU
		{8B769655-FFFD-49AF-A472-E48645FC3386}.Debug|x64.Build.0 = Debug|Any CPU
		{8B769655-FFFD-49AF-A472-E48645FC3386}.Debug|x86.ActiveCfg = Debug|Any CPU
		{8B769655-FFFD-49AF-A472-E48645FC3386}.Debug|x86.Build.0 = Debug|Any CPU
		{8B769655-FFFD-49AF-A472-E48645FC3386}.Release|Any CPU.ActiveCfg = Release|Any CPU
		{8B769655-FFFD-49AF-A472-E48645FC3386}.Release|x64.ActiveCfg = Release|Any CPU
		{8B769655-FFFD-49AF-A472-E48645FC3386}.Release|x64.Build.0 = Release|Any CPU
		{8B769655-FFFD-49AF-A472-E48645FC3386}.Release|x86.ActiveCfg = Release|Any CPU
		{8B769655-FFFD-49AF-A472-E48645FC3386}.Release|x86.Build.0 = Release|Any CPU
		{A8EDE6F2-EFB1-4E22-A59D-C4DB8E0515DC}.Debug|Any CPU.ActiveCfg = Debug|Any CPU
		{A8EDE6F2-EFB1-4E22-A59D-C4DB8E0515DC}.Debug|Any CPU.Build.0 = Debug|Any CPU
		{A8EDE6F2-EFB1-4E22-A59D-C4DB8E0515DC}.Debug|x64.ActiveCfg = Debug|Any CPU
		{A8EDE6F2-EFB1-4E22-A59D-C4DB8E0515DC}.Debug|x64.Build.0 = Debug|Any CPU
		{A8EDE6F2-EFB1-4E22-A59D-C4DB8E0515DC}.Debug|x86.ActiveCfg = Debug|Any CPU
		{A8EDE6F2-EFB1-4E22-A59D-C4DB8E0515DC}.Debug|x86.Build.0 = Debug|Any CPU
		{A8EDE6F2-EFB1-4E22-A59D-C4DB8E0515DC}.Release|Any CPU.ActiveCfg = Release|Any CPU
		{A8EDE6F2-EFB1-4E22-A59D-C4DB8E0515DC}.Release|Any CPU.Build.0 = Release|Any CPU
		{A8EDE6F2-EFB1-4E22-A59D-C4DB8E0515DC}.Release|x64.ActiveCfg = Release|Any CPU
		{A8EDE6F2-EFB1-4E22-A59D-C4DB8E0515DC}.Release|x64.Build.0 = Release|Any CPU
		{A8EDE6F2-EFB1-4E22-A59D-C4DB8E0515DC}.Release|x86.ActiveCfg = Release|Any CPU
		{A8EDE6F2-EFB1-4E22-A59D-C4DB8E0515DC}.Release|x86.Build.0 = Release|Any CPU
		{EEA73710-A05B-4DFA-826B-CBDD2F5BBCD2}.Debug|Any CPU.ActiveCfg = Debug|Any CPU
		{EEA73710-A05B-4DFA-826B-CBDD2F5BBCD2}.Debug|Any CPU.Build.0 = Debug|Any CPU
		{EEA73710-A05B-4DFA-826B-CBDD2F5BBCD2}.Debug|x64.ActiveCfg = Debug|Any CPU
		{EEA73710-A05B-4DFA-826B-CBDD2F5BBCD2}.Debug|x64.Build.0 = Debug|Any CPU
		{EEA73710-A05B-4DFA-826B-CBDD2F5BBCD2}.Debug|x86.ActiveCfg = Debug|Any CPU
		{EEA73710-A05B-4DFA-826B-CBDD2F5BBCD2}.Debug|x86.Build.0 = Debug|Any CPU
		{EEA73710-A05B-4DFA-826B-CBDD2F5BBCD2}.Release|Any CPU.ActiveCfg = Release|Any CPU
		{EEA73710-A05B-4DFA-826B-CBDD2F5BBCD2}.Release|Any CPU.Build.0 = Release|Any CPU
		{EEA73710-A05B-4DFA-826B-CBDD2F5BBCD2}.Release|x64.ActiveCfg = Release|Any CPU
		{EEA73710-A05B-4DFA-826B-CBDD2F5BBCD2}.Release|x64.Build.0 = Release|Any CPU
		{EEA73710-A05B-4DFA-826B-CBDD2F5BBCD2}.Release|x86.ActiveCfg = Release|Any CPU
		{EEA73710-A05B-4DFA-826B-CBDD2F5BBCD2}.Release|x86.Build.0 = Release|Any CPU
		{77DC1E3C-A228-4784-A502-2F868DCBAF81}.Debug|Any CPU.ActiveCfg = Debug|Any CPU
		{77DC1E3C-A228-4784-A502-2F868DCBAF81}.Debug|Any CPU.Build.0 = Debug|Any CPU
		{77DC1E3C-A228-4784-A502-2F868DCBAF81}.Debug|x64.ActiveCfg = Debug|Any CPU
		{77DC1E3C-A228-4784-A502-2F868DCBAF81}.Debug|x64.Build.0 = Debug|Any CPU
		{77DC1E3C-A228-4784-A502-2F868DCBAF81}.Debug|x86.ActiveCfg = Debug|Any CPU
		{77DC1E3C-A228-4784-A502-2F868DCBAF81}.Debug|x86.Build.0 = Debug|Any CPU
		{77DC1E3C-A228-4784-A502-2F868DCBAF81}.Release|Any CPU.ActiveCfg = Release|Any CPU
		{77DC1E3C-A228-4784-A502-2F868DCBAF81}.Release|Any CPU.Build.0 = Release|Any CPU
		{77DC1E3C-A228-4784-A502-2F868DCBAF81}.Release|x64.ActiveCfg = Release|Any CPU
		{77DC1E3C-A228-4784-A502-2F868DCBAF81}.Release|x64.Build.0 = Release|Any CPU
		{77DC1E3C-A228-4784-A502-2F868DCBAF81}.Release|x86.ActiveCfg = Release|Any CPU
		{77DC1E3C-A228-4784-A502-2F868DCBAF81}.Release|x86.Build.0 = Release|Any CPU
		{07199811-963F-4F8E-AD41-F7746AF991D8}.Debug|Any CPU.ActiveCfg = Debug|Any CPU
		{07199811-963F-4F8E-AD41-F7746AF991D8}.Debug|Any CPU.Build.0 = Debug|Any CPU
		{07199811-963F-4F8E-AD41-F7746AF991D8}.Debug|x64.ActiveCfg = Debug|Any CPU
		{07199811-963F-4F8E-AD41-F7746AF991D8}.Debug|x64.Build.0 = Debug|Any CPU
		{07199811-963F-4F8E-AD41-F7746AF991D8}.Debug|x86.ActiveCfg = Debug|Any CPU
		{07199811-963F-4F8E-AD41-F7746AF991D8}.Debug|x86.Build.0 = Debug|Any CPU
		{07199811-963F-4F8E-AD41-F7746AF991D8}.Release|Any CPU.ActiveCfg = Release|Any CPU
		{07199811-963F-4F8E-AD41-F7746AF991D8}.Release|Any CPU.Build.0 = Release|Any CPU
		{07199811-963F-4F8E-AD41-F7746AF991D8}.Release|x64.ActiveCfg = Release|Any CPU
		{07199811-963F-4F8E-AD41-F7746AF991D8}.Release|x64.Build.0 = Release|Any CPU
		{07199811-963F-4F8E-AD41-F7746AF991D8}.Release|x86.ActiveCfg = Release|Any CPU
		{07199811-963F-4F8E-AD41-F7746AF991D8}.Release|x86.Build.0 = Release|Any CPU
		{EEB6C693-26BA-42F1-B826-9B9841B5E124}.Debug|Any CPU.ActiveCfg = Debug|Any CPU
		{EEB6C693-26BA-42F1-B826-9B9841B5E124}.Debug|Any CPU.Build.0 = Debug|Any CPU
		{EEB6C693-26BA-42F1-B826-9B9841B5E124}.Debug|x64.ActiveCfg = Debug|Any CPU
		{EEB6C693-26BA-42F1-B826-9B9841B5E124}.Debug|x64.Build.0 = Debug|Any CPU
		{EEB6C693-26BA-42F1-B826-9B9841B5E124}.Debug|x86.ActiveCfg = Debug|Any CPU
		{EEB6C693-26BA-42F1-B826-9B9841B5E124}.Debug|x86.Build.0 = Debug|Any CPU
		{EEB6C693-26BA-42F1-B826-9B9841B5E124}.Release|Any CPU.ActiveCfg = Release|Any CPU
		{EEB6C693-26BA-42F1-B826-9B9841B5E124}.Release|Any CPU.Build.0 = Release|Any CPU
		{EEB6C693-26BA-42F1-B826-9B9841B5E124}.Release|x64.ActiveCfg = Release|Any CPU
		{EEB6C693-26BA-42F1-B826-9B9841B5E124}.Release|x64.Build.0 = Release|Any CPU
		{EEB6C693-26BA-42F1-B826-9B9841B5E124}.Release|x86.ActiveCfg = Release|Any CPU
		{EEB6C693-26BA-42F1-B826-9B9841B5E124}.Release|x86.Build.0 = Release|Any CPU
		{09722116-6834-4F01-BB22-8373DEF3B6D5}.Debug|Any CPU.ActiveCfg = Debug|Any CPU
		{09722116-6834-4F01-BB22-8373DEF3B6D5}.Debug|Any CPU.Build.0 = Debug|Any CPU
		{09722116-6834-4F01-BB22-8373DEF3B6D5}.Debug|x64.ActiveCfg = Debug|Any CPU
		{09722116-6834-4F01-BB22-8373DEF3B6D5}.Debug|x64.Build.0 = Debug|Any CPU
		{09722116-6834-4F01-BB22-8373DEF3B6D5}.Debug|x86.ActiveCfg = Debug|Any CPU
		{09722116-6834-4F01-BB22-8373DEF3B6D5}.Debug|x86.Build.0 = Debug|Any CPU
		{09722116-6834-4F01-BB22-8373DEF3B6D5}.Release|Any CPU.ActiveCfg = Release|Any CPU
		{09722116-6834-4F01-BB22-8373DEF3B6D5}.Release|Any CPU.Build.0 = Release|Any CPU
		{09722116-6834-4F01-BB22-8373DEF3B6D5}.Release|x64.ActiveCfg = Release|Any CPU
		{09722116-6834-4F01-BB22-8373DEF3B6D5}.Release|x64.Build.0 = Release|Any CPU
		{09722116-6834-4F01-BB22-8373DEF3B6D5}.Release|x86.ActiveCfg = Release|Any CPU
		{09722116-6834-4F01-BB22-8373DEF3B6D5}.Release|x86.Build.0 = Release|Any CPU
		{3E5E476D-447C-4D57-84F1-9378BE7BF147}.Debug|Any CPU.ActiveCfg = Debug|Any CPU
		{3E5E476D-447C-4D57-84F1-9378BE7BF147}.Debug|Any CPU.Build.0 = Debug|Any CPU
		{3E5E476D-447C-4D57-84F1-9378BE7BF147}.Debug|x64.ActiveCfg = Debug|Any CPU
		{3E5E476D-447C-4D57-84F1-9378BE7BF147}.Debug|x64.Build.0 = Debug|Any CPU
		{3E5E476D-447C-4D57-84F1-9378BE7BF147}.Debug|x86.ActiveCfg = Debug|Any CPU
		{3E5E476D-447C-4D57-84F1-9378BE7BF147}.Debug|x86.Build.0 = Debug|Any CPU
		{3E5E476D-447C-4D57-84F1-9378BE7BF147}.Release|Any CPU.ActiveCfg = Release|Any CPU
		{3E5E476D-447C-4D57-84F1-9378BE7BF147}.Release|Any CPU.Build.0 = Release|Any CPU
		{3E5E476D-447C-4D57-84F1-9378BE7BF147}.Release|x64.ActiveCfg = Release|Any CPU
		{3E5E476D-447C-4D57-84F1-9378BE7BF147}.Release|x64.Build.0 = Release|Any CPU
		{3E5E476D-447C-4D57-84F1-9378BE7BF147}.Release|x86.ActiveCfg = Release|Any CPU
		{3E5E476D-447C-4D57-84F1-9378BE7BF147}.Release|x86.Build.0 = Release|Any CPU
		{F5B5CDAE-DA83-4F7D-99E2-38D53485784B}.Debug|Any CPU.ActiveCfg = Debug|x64
		{F5B5CDAE-DA83-4F7D-99E2-38D53485784B}.Debug|x64.ActiveCfg = Debug|x64
		{F5B5CDAE-DA83-4F7D-99E2-38D53485784B}.Debug|x64.Build.0 = Debug|x64
		{F5B5CDAE-DA83-4F7D-99E2-38D53485784B}.Debug|x86.ActiveCfg = Debug|x64
		{F5B5CDAE-DA83-4F7D-99E2-38D53485784B}.Debug|x86.Build.0 = Debug|x64
		{F5B5CDAE-DA83-4F7D-99E2-38D53485784B}.Release|Any CPU.ActiveCfg = Debug|x64
		{F5B5CDAE-DA83-4F7D-99E2-38D53485784B}.Release|x64.ActiveCfg = Debug|x64
		{F5B5CDAE-DA83-4F7D-99E2-38D53485784B}.Release|x64.Build.0 = Debug|x64
		{F5B5CDAE-DA83-4F7D-99E2-38D53485784B}.Release|x86.ActiveCfg = Debug|x64
		{F5B5CDAE-DA83-4F7D-99E2-38D53485784B}.Release|x86.Build.0 = Debug|x64
		{0D7AE398-2CE3-4D9D-836D-ABB85B3D9C99}.Debug|Any CPU.ActiveCfg = Debug|Any CPU
		{0D7AE398-2CE3-4D9D-836D-ABB85B3D9C99}.Debug|Any CPU.Build.0 = Debug|Any CPU
		{0D7AE398-2CE3-4D9D-836D-ABB85B3D9C99}.Debug|x64.ActiveCfg = Debug|Any CPU
		{0D7AE398-2CE3-4D9D-836D-ABB85B3D9C99}.Debug|x64.Build.0 = Debug|Any CPU
		{0D7AE398-2CE3-4D9D-836D-ABB85B3D9C99}.Debug|x86.ActiveCfg = Debug|Any CPU
		{0D7AE398-2CE3-4D9D-836D-ABB85B3D9C99}.Debug|x86.Build.0 = Debug|Any CPU
		{0D7AE398-2CE3-4D9D-836D-ABB85B3D9C99}.Release|Any CPU.ActiveCfg = Release|Any CPU
		{0D7AE398-2CE3-4D9D-836D-ABB85B3D9C99}.Release|Any CPU.Build.0 = Release|Any CPU
		{0D7AE398-2CE3-4D9D-836D-ABB85B3D9C99}.Release|x64.ActiveCfg = Release|Any CPU
		{0D7AE398-2CE3-4D9D-836D-ABB85B3D9C99}.Release|x64.Build.0 = Release|Any CPU
		{0D7AE398-2CE3-4D9D-836D-ABB85B3D9C99}.Release|x86.ActiveCfg = Release|Any CPU
		{0D7AE398-2CE3-4D9D-836D-ABB85B3D9C99}.Release|x86.Build.0 = Release|Any CPU
		{B6017E9C-8133-42E2-AAB5-2188FECF3A2C}.Debug|Any CPU.ActiveCfg = Debug|Any CPU
		{B6017E9C-8133-42E2-AAB5-2188FECF3A2C}.Debug|x64.ActiveCfg = Debug|Any CPU
		{B6017E9C-8133-42E2-AAB5-2188FECF3A2C}.Debug|x64.Build.0 = Debug|Any CPU
		{B6017E9C-8133-42E2-AAB5-2188FECF3A2C}.Debug|x86.ActiveCfg = Debug|Any CPU
		{B6017E9C-8133-42E2-AAB5-2188FECF3A2C}.Release|Any CPU.ActiveCfg = Release|Any CPU
		{B6017E9C-8133-42E2-AAB5-2188FECF3A2C}.Release|x64.ActiveCfg = Release|Any CPU
		{B6017E9C-8133-42E2-AAB5-2188FECF3A2C}.Release|x64.Build.0 = Release|Any CPU
		{B6017E9C-8133-42E2-AAB5-2188FECF3A2C}.Release|x86.ActiveCfg = Release|Any CPU
		{703254C3-1C59-41E9-A9F1-9BE443B02B40}.Debug|Any CPU.ActiveCfg = Debug|Any CPU
		{703254C3-1C59-41E9-A9F1-9BE443B02B40}.Debug|Any CPU.Build.0 = Debug|Any CPU
		{703254C3-1C59-41E9-A9F1-9BE443B02B40}.Debug|x64.ActiveCfg = Debug|Any CPU
		{703254C3-1C59-41E9-A9F1-9BE443B02B40}.Debug|x64.Build.0 = Debug|Any CPU
		{703254C3-1C59-41E9-A9F1-9BE443B02B40}.Debug|x86.ActiveCfg = Debug|Any CPU
		{703254C3-1C59-41E9-A9F1-9BE443B02B40}.Debug|x86.Build.0 = Debug|Any CPU
		{703254C3-1C59-41E9-A9F1-9BE443B02B40}.Release|Any CPU.ActiveCfg = Release|Any CPU
		{703254C3-1C59-41E9-A9F1-9BE443B02B40}.Release|Any CPU.Build.0 = Release|Any CPU
		{703254C3-1C59-41E9-A9F1-9BE443B02B40}.Release|x64.ActiveCfg = Release|Any CPU
		{703254C3-1C59-41E9-A9F1-9BE443B02B40}.Release|x64.Build.0 = Release|Any CPU
		{703254C3-1C59-41E9-A9F1-9BE443B02B40}.Release|x86.ActiveCfg = Release|Any CPU
		{703254C3-1C59-41E9-A9F1-9BE443B02B40}.Release|x86.Build.0 = Release|Any CPU
		{DA0A284E-03BD-4180-8431-702D869C20D5}.Debug|Any CPU.ActiveCfg = Debug|Any CPU
		{DA0A284E-03BD-4180-8431-702D869C20D5}.Debug|Any CPU.Build.0 = Debug|Any CPU
		{DA0A284E-03BD-4180-8431-702D869C20D5}.Debug|x64.ActiveCfg = Debug|Any CPU
		{DA0A284E-03BD-4180-8431-702D869C20D5}.Debug|x64.Build.0 = Debug|Any CPU
		{DA0A284E-03BD-4180-8431-702D869C20D5}.Debug|x86.ActiveCfg = Debug|Any CPU
		{DA0A284E-03BD-4180-8431-702D869C20D5}.Debug|x86.Build.0 = Debug|Any CPU
		{DA0A284E-03BD-4180-8431-702D869C20D5}.Release|Any CPU.ActiveCfg = Release|Any CPU
		{DA0A284E-03BD-4180-8431-702D869C20D5}.Release|Any CPU.Build.0 = Release|Any CPU
		{DA0A284E-03BD-4180-8431-702D869C20D5}.Release|x64.ActiveCfg = Release|Any CPU
		{DA0A284E-03BD-4180-8431-702D869C20D5}.Release|x64.Build.0 = Release|Any CPU
		{DA0A284E-03BD-4180-8431-702D869C20D5}.Release|x86.ActiveCfg = Release|Any CPU
		{DA0A284E-03BD-4180-8431-702D869C20D5}.Release|x86.Build.0 = Release|Any CPU
		{96E35FBB-0C17-4212-8329-026F0106C122}.Debug|Any CPU.ActiveCfg = Debug|Any CPU
		{96E35FBB-0C17-4212-8329-026F0106C122}.Debug|Any CPU.Build.0 = Debug|Any CPU
		{96E35FBB-0C17-4212-8329-026F0106C122}.Debug|x64.ActiveCfg = Debug|Any CPU
		{96E35FBB-0C17-4212-8329-026F0106C122}.Debug|x64.Build.0 = Debug|Any CPU
		{96E35FBB-0C17-4212-8329-026F0106C122}.Debug|x86.ActiveCfg = Debug|Any CPU
		{96E35FBB-0C17-4212-8329-026F0106C122}.Debug|x86.Build.0 = Debug|Any CPU
		{96E35FBB-0C17-4212-8329-026F0106C122}.Release|Any CPU.ActiveCfg = Release|Any CPU
		{96E35FBB-0C17-4212-8329-026F0106C122}.Release|Any CPU.Build.0 = Release|Any CPU
		{96E35FBB-0C17-4212-8329-026F0106C122}.Release|x64.ActiveCfg = Release|Any CPU
		{96E35FBB-0C17-4212-8329-026F0106C122}.Release|x64.Build.0 = Release|Any CPU
		{96E35FBB-0C17-4212-8329-026F0106C122}.Release|x86.ActiveCfg = Release|Any CPU
		{96E35FBB-0C17-4212-8329-026F0106C122}.Release|x86.Build.0 = Release|Any CPU
		{44E22F5A-72DA-4B36-A2B8-7EABC79E383D}.Debug|Any CPU.ActiveCfg = Debug|x64
		{44E22F5A-72DA-4B36-A2B8-7EABC79E383D}.Debug|x64.ActiveCfg = Debug|x64
		{44E22F5A-72DA-4B36-A2B8-7EABC79E383D}.Debug|x64.Build.0 = Debug|x64
		{44E22F5A-72DA-4B36-A2B8-7EABC79E383D}.Debug|x86.ActiveCfg = Debug|x64
		{44E22F5A-72DA-4B36-A2B8-7EABC79E383D}.Debug|x86.Build.0 = Debug|x64
		{44E22F5A-72DA-4B36-A2B8-7EABC79E383D}.Release|Any CPU.ActiveCfg = Debug|x64
		{44E22F5A-72DA-4B36-A2B8-7EABC79E383D}.Release|x64.ActiveCfg = Debug|x64
		{44E22F5A-72DA-4B36-A2B8-7EABC79E383D}.Release|x86.ActiveCfg = Debug|x64
		{44E22F5A-72DA-4B36-A2B8-7EABC79E383D}.Release|x86.Build.0 = Debug|x64
		{8E4E2758-DFC2-46ED-A485-DF01EF88B95F}.Debug|Any CPU.ActiveCfg = Debug|x64
		{8E4E2758-DFC2-46ED-A485-DF01EF88B95F}.Debug|x64.ActiveCfg = Debug|x64
		{8E4E2758-DFC2-46ED-A485-DF01EF88B95F}.Debug|x64.Build.0 = Debug|x64
		{8E4E2758-DFC2-46ED-A485-DF01EF88B95F}.Debug|x86.ActiveCfg = Debug|x64
		{8E4E2758-DFC2-46ED-A485-DF01EF88B95F}.Debug|x86.Build.0 = Debug|x64
		{8E4E2758-DFC2-46ED-A485-DF01EF88B95F}.Release|Any CPU.ActiveCfg = Debug|x64
		{8E4E2758-DFC2-46ED-A485-DF01EF88B95F}.Release|x64.ActiveCfg = Debug|x64
		{8E4E2758-DFC2-46ED-A485-DF01EF88B95F}.Release|x86.ActiveCfg = Debug|x64
		{8E4E2758-DFC2-46ED-A485-DF01EF88B95F}.Release|x86.Build.0 = Debug|x64
		{B71458A9-D397-4E2A-8E9B-5DA41AADC43B}.Debug|Any CPU.ActiveCfg = Debug|x64
		{B71458A9-D397-4E2A-8E9B-5DA41AADC43B}.Debug|x64.ActiveCfg = Debug|x64
		{B71458A9-D397-4E2A-8E9B-5DA41AADC43B}.Debug|x64.Build.0 = Debug|x64
		{B71458A9-D397-4E2A-8E9B-5DA41AADC43B}.Debug|x86.ActiveCfg = Debug|x64
		{B71458A9-D397-4E2A-8E9B-5DA41AADC43B}.Debug|x86.Build.0 = Debug|x64
		{B71458A9-D397-4E2A-8E9B-5DA41AADC43B}.Release|Any CPU.ActiveCfg = Release|x64
		{B71458A9-D397-4E2A-8E9B-5DA41AADC43B}.Release|x64.ActiveCfg = Release|x64
		{B71458A9-D397-4E2A-8E9B-5DA41AADC43B}.Release|x86.ActiveCfg = Release|x64
		{B71458A9-D397-4E2A-8E9B-5DA41AADC43B}.Release|x86.Build.0 = Release|x64
		{6DCA1FEC-3598-49FD-AD8B-DCDEEB2FA7B3}.Debug|Any CPU.ActiveCfg = Debug|x64
		{6DCA1FEC-3598-49FD-AD8B-DCDEEB2FA7B3}.Debug|x64.ActiveCfg = Debug|x64
		{6DCA1FEC-3598-49FD-AD8B-DCDEEB2FA7B3}.Debug|x64.Build.0 = Debug|x64
		{6DCA1FEC-3598-49FD-AD8B-DCDEEB2FA7B3}.Debug|x86.ActiveCfg = Debug|x64
		{6DCA1FEC-3598-49FD-AD8B-DCDEEB2FA7B3}.Debug|x86.Build.0 = Debug|x64
		{6DCA1FEC-3598-49FD-AD8B-DCDEEB2FA7B3}.Release|Any CPU.ActiveCfg = Release|x64
		{6DCA1FEC-3598-49FD-AD8B-DCDEEB2FA7B3}.Release|x64.ActiveCfg = Release|x64
		{6DCA1FEC-3598-49FD-AD8B-DCDEEB2FA7B3}.Release|x64.Build.0 = Release|x64
		{6DCA1FEC-3598-49FD-AD8B-DCDEEB2FA7B3}.Release|x86.ActiveCfg = Release|x64
		{6DCA1FEC-3598-49FD-AD8B-DCDEEB2FA7B3}.Release|x86.Build.0 = Release|x64
		{7A5E521C-5079-4CDA-9B83-DB49C9AA3D64}.Debug|Any CPU.ActiveCfg = Debug|Any CPU
		{7A5E521C-5079-4CDA-9B83-DB49C9AA3D64}.Debug|Any CPU.Build.0 = Debug|Any CPU
		{7A5E521C-5079-4CDA-9B83-DB49C9AA3D64}.Debug|x64.ActiveCfg = Debug|Any CPU
		{7A5E521C-5079-4CDA-9B83-DB49C9AA3D64}.Debug|x64.Build.0 = Debug|Any CPU
		{7A5E521C-5079-4CDA-9B83-DB49C9AA3D64}.Debug|x86.ActiveCfg = Debug|Any CPU
		{7A5E521C-5079-4CDA-9B83-DB49C9AA3D64}.Debug|x86.Build.0 = Debug|Any CPU
		{7A5E521C-5079-4CDA-9B83-DB49C9AA3D64}.Release|Any CPU.ActiveCfg = Release|Any CPU
		{7A5E521C-5079-4CDA-9B83-DB49C9AA3D64}.Release|Any CPU.Build.0 = Release|Any CPU
		{7A5E521C-5079-4CDA-9B83-DB49C9AA3D64}.Release|x64.ActiveCfg = Release|Any CPU
		{7A5E521C-5079-4CDA-9B83-DB49C9AA3D64}.Release|x64.Build.0 = Release|Any CPU
		{7A5E521C-5079-4CDA-9B83-DB49C9AA3D64}.Release|x86.ActiveCfg = Release|Any CPU
		{7A5E521C-5079-4CDA-9B83-DB49C9AA3D64}.Release|x86.Build.0 = Release|Any CPU
		{310A13EB-8C3D-41A8-81A3-A8806810C2D7}.Debug|Any CPU.ActiveCfg = Debug|x64
		{310A13EB-8C3D-41A8-81A3-A8806810C2D7}.Debug|x64.ActiveCfg = Debug|x64
		{310A13EB-8C3D-41A8-81A3-A8806810C2D7}.Debug|x64.Build.0 = Debug|x64
		{310A13EB-8C3D-41A8-81A3-A8806810C2D7}.Debug|x86.ActiveCfg = Debug|Win32
		{310A13EB-8C3D-41A8-81A3-A8806810C2D7}.Debug|x86.Build.0 = Debug|Win32
		{310A13EB-8C3D-41A8-81A3-A8806810C2D7}.Release|Any CPU.ActiveCfg = Release|x64
		{310A13EB-8C3D-41A8-81A3-A8806810C2D7}.Release|x64.ActiveCfg = Release|x64
		{310A13EB-8C3D-41A8-81A3-A8806810C2D7}.Release|x64.Build.0 = Release|x64
		{310A13EB-8C3D-41A8-81A3-A8806810C2D7}.Release|x86.ActiveCfg = Release|Win32
		{310A13EB-8C3D-41A8-81A3-A8806810C2D7}.Release|x86.Build.0 = Release|Win32
		{3BE68D6A-981F-4696-BD28-D97E0B6D8608}.Debug|Any CPU.ActiveCfg = Debug|Any CPU
		{3BE68D6A-981F-4696-BD28-D97E0B6D8608}.Debug|Any CPU.Build.0 = Debug|Any CPU
		{3BE68D6A-981F-4696-BD28-D97E0B6D8608}.Debug|x64.ActiveCfg = Debug|Any CPU
		{3BE68D6A-981F-4696-BD28-D97E0B6D8608}.Debug|x64.Build.0 = Debug|Any CPU
		{3BE68D6A-981F-4696-BD28-D97E0B6D8608}.Debug|x86.ActiveCfg = Debug|Any CPU
		{3BE68D6A-981F-4696-BD28-D97E0B6D8608}.Debug|x86.Build.0 = Debug|Any CPU
		{3BE68D6A-981F-4696-BD28-D97E0B6D8608}.Release|Any CPU.ActiveCfg = Release|Any CPU
		{3BE68D6A-981F-4696-BD28-D97E0B6D8608}.Release|Any CPU.Build.0 = Release|Any CPU
		{3BE68D6A-981F-4696-BD28-D97E0B6D8608}.Release|x64.ActiveCfg = Release|Any CPU
		{3BE68D6A-981F-4696-BD28-D97E0B6D8608}.Release|x64.Build.0 = Release|Any CPU
		{3BE68D6A-981F-4696-BD28-D97E0B6D8608}.Release|x86.ActiveCfg = Release|Any CPU
		{3BE68D6A-981F-4696-BD28-D97E0B6D8608}.Release|x86.Build.0 = Release|Any CPU
		{1164B2AD-12ED-4EE9-8809-43C16A31E2C7}.Debug|Any CPU.ActiveCfg = Debug|Any CPU
		{1164B2AD-12ED-4EE9-8809-43C16A31E2C7}.Debug|Any CPU.Build.0 = Debug|Any CPU
		{1164B2AD-12ED-4EE9-8809-43C16A31E2C7}.Debug|x64.ActiveCfg = Debug|Any CPU
		{1164B2AD-12ED-4EE9-8809-43C16A31E2C7}.Debug|x64.Build.0 = Debug|Any CPU
		{1164B2AD-12ED-4EE9-8809-43C16A31E2C7}.Debug|x86.ActiveCfg = Debug|Any CPU
		{1164B2AD-12ED-4EE9-8809-43C16A31E2C7}.Debug|x86.Build.0 = Debug|Any CPU
		{1164B2AD-12ED-4EE9-8809-43C16A31E2C7}.Release|Any CPU.ActiveCfg = Release|Any CPU
		{1164B2AD-12ED-4EE9-8809-43C16A31E2C7}.Release|Any CPU.Build.0 = Release|Any CPU
		{1164B2AD-12ED-4EE9-8809-43C16A31E2C7}.Release|x64.ActiveCfg = Release|Any CPU
		{1164B2AD-12ED-4EE9-8809-43C16A31E2C7}.Release|x64.Build.0 = Release|Any CPU
		{1164B2AD-12ED-4EE9-8809-43C16A31E2C7}.Release|x86.ActiveCfg = Release|Any CPU
		{1164B2AD-12ED-4EE9-8809-43C16A31E2C7}.Release|x86.Build.0 = Release|Any CPU
		{674FF7A5-CBAB-4C2A-825C-EB25C8B7BFAB}.Debug|Any CPU.ActiveCfg = Debug|Any CPU
		{674FF7A5-CBAB-4C2A-825C-EB25C8B7BFAB}.Debug|Any CPU.Build.0 = Debug|Any CPU
		{674FF7A5-CBAB-4C2A-825C-EB25C8B7BFAB}.Debug|x64.ActiveCfg = Debug|Any CPU
		{674FF7A5-CBAB-4C2A-825C-EB25C8B7BFAB}.Debug|x64.Build.0 = Debug|Any CPU
		{674FF7A5-CBAB-4C2A-825C-EB25C8B7BFAB}.Debug|x86.ActiveCfg = Debug|Any CPU
		{674FF7A5-CBAB-4C2A-825C-EB25C8B7BFAB}.Debug|x86.Build.0 = Debug|Any CPU
		{674FF7A5-CBAB-4C2A-825C-EB25C8B7BFAB}.Release|Any CPU.ActiveCfg = Release|Any CPU
		{674FF7A5-CBAB-4C2A-825C-EB25C8B7BFAB}.Release|Any CPU.Build.0 = Release|Any CPU
		{674FF7A5-CBAB-4C2A-825C-EB25C8B7BFAB}.Release|x64.ActiveCfg = Release|Any CPU
		{674FF7A5-CBAB-4C2A-825C-EB25C8B7BFAB}.Release|x64.Build.0 = Release|Any CPU
		{674FF7A5-CBAB-4C2A-825C-EB25C8B7BFAB}.Release|x86.ActiveCfg = Release|Any CPU
		{674FF7A5-CBAB-4C2A-825C-EB25C8B7BFAB}.Release|x86.Build.0 = Release|Any CPU
		{AF016784-3B99-49F5-9BC6-EAF021B07CE0}.Debug|Any CPU.ActiveCfg = Debug|Any CPU
		{AF016784-3B99-49F5-9BC6-EAF021B07CE0}.Debug|Any CPU.Build.0 = Debug|Any CPU
		{AF016784-3B99-49F5-9BC6-EAF021B07CE0}.Debug|x64.ActiveCfg = Debug|Any CPU
		{AF016784-3B99-49F5-9BC6-EAF021B07CE0}.Debug|x64.Build.0 = Debug|Any CPU
		{AF016784-3B99-49F5-9BC6-EAF021B07CE0}.Debug|x86.ActiveCfg = Debug|Any CPU
		{AF016784-3B99-49F5-9BC6-EAF021B07CE0}.Debug|x86.Build.0 = Debug|Any CPU
		{AF016784-3B99-49F5-9BC6-EAF021B07CE0}.Release|Any CPU.ActiveCfg = Release|Any CPU
		{AF016784-3B99-49F5-9BC6-EAF021B07CE0}.Release|Any CPU.Build.0 = Release|Any CPU
		{AF016784-3B99-49F5-9BC6-EAF021B07CE0}.Release|x64.ActiveCfg = Release|Any CPU
		{AF016784-3B99-49F5-9BC6-EAF021B07CE0}.Release|x64.Build.0 = Release|Any CPU
		{AF016784-3B99-49F5-9BC6-EAF021B07CE0}.Release|x86.ActiveCfg = Release|Any CPU
		{AF016784-3B99-49F5-9BC6-EAF021B07CE0}.Release|x86.Build.0 = Release|Any CPU
		{BB26713B-5678-4F5D-906D-54C6338B576E}.Debug|Any CPU.ActiveCfg = Debug|Any CPU
		{BB26713B-5678-4F5D-906D-54C6338B576E}.Debug|Any CPU.Build.0 = Debug|Any CPU
		{BB26713B-5678-4F5D-906D-54C6338B576E}.Debug|x64.ActiveCfg = Debug|Any CPU
		{BB26713B-5678-4F5D-906D-54C6338B576E}.Debug|x64.Build.0 = Debug|Any CPU
		{BB26713B-5678-4F5D-906D-54C6338B576E}.Debug|x86.ActiveCfg = Debug|Any CPU
		{BB26713B-5678-4F5D-906D-54C6338B576E}.Debug|x86.Build.0 = Debug|Any CPU
		{BB26713B-5678-4F5D-906D-54C6338B576E}.Release|Any CPU.ActiveCfg = Release|Any CPU
		{BB26713B-5678-4F5D-906D-54C6338B576E}.Release|Any CPU.Build.0 = Release|Any CPU
		{BB26713B-5678-4F5D-906D-54C6338B576E}.Release|x64.ActiveCfg = Release|Any CPU
		{BB26713B-5678-4F5D-906D-54C6338B576E}.Release|x64.Build.0 = Release|Any CPU
		{BB26713B-5678-4F5D-906D-54C6338B576E}.Release|x86.ActiveCfg = Release|Any CPU
		{BB26713B-5678-4F5D-906D-54C6338B576E}.Release|x86.Build.0 = Release|Any CPU
	EndGlobalSection
	GlobalSection(SolutionProperties) = preSolution
		HideSolutionNode = FALSE
	EndGlobalSection
	GlobalSection(NestedProjects) = preSolution
		{65550213-0737-4F41-83F4-DC2EB84415AB} = {FD264C24-4E01-4B1E-B5A1-489EC1C376E4}
		{07DEF021-11C9-4334-954B-8A7B7EEDE43C} = {65550213-0737-4F41-83F4-DC2EB84415AB}
		{402B76D2-4FBE-4B23-BF8C-19DE49E9D06E} = {FD264C24-4E01-4B1E-B5A1-489EC1C376E4}
		{1BF95354-F5E4-4488-9FA7-9326744DC8FC} = {402B76D2-4FBE-4B23-BF8C-19DE49E9D06E}
		{B74452AA-C538-4B1D-A910-0D2404089D49} = {FD264C24-4E01-4B1E-B5A1-489EC1C376E4}
		{AE100FDD-53EB-40AB-A244-2F3352EBBBA6} = {B74452AA-C538-4B1D-A910-0D2404089D49}
		{4F181B0F-E420-462E-9658-7AE8F1B0F36F} = {FD264C24-4E01-4B1E-B5A1-489EC1C376E4}
		{859E7CD1-B3D2-40CD-A1BE-A6472AA24A2B} = {FD264C24-4E01-4B1E-B5A1-489EC1C376E4}
		{B3DAD533-ED3E-47F8-848F-9D864267C349} = {FD264C24-4E01-4B1E-B5A1-489EC1C376E4}
		{9C2B89C8-B81A-46B9-877D-4FC15B58F099} = {FD264C24-4E01-4B1E-B5A1-489EC1C376E4}
		{275883BD-CC75-44F6-86BF-F867AE9E2A0C} = {FD264C24-4E01-4B1E-B5A1-489EC1C376E4}
		{FD4F5652-8F9E-458F-A054-5A576948B74E} = {FD264C24-4E01-4B1E-B5A1-489EC1C376E4}
		{59EBAC2A-6170-487B-9660-F13D8F0A255A} = {9C2B89C8-B81A-46B9-877D-4FC15B58F099}
		{83965663-8871-4C88-BED0-A9F84653F6F9} = {4F181B0F-E420-462E-9658-7AE8F1B0F36F}
		{6766D603-9686-4B20-873F-4E404D50CD14} = {FD264C24-4E01-4B1E-B5A1-489EC1C376E4}
		{F5536D18-7EFB-4AC6-B285-95ABF4CE6F4D} = {6766D603-9686-4B20-873F-4E404D50CD14}
		{18EF2FE1-1B0F-437A-9746-2D3EC5BEC0B1} = {275883BD-CC75-44F6-86BF-F867AE9E2A0C}
		{4CFE274A-8AAB-4243-A3CC-DDF2472A83E0} = {859E7CD1-B3D2-40CD-A1BE-A6472AA24A2B}
		{27B34EA5-8608-49FA-96F0-DEC4C3A5A7B3} = {FD264C24-4E01-4B1E-B5A1-489EC1C376E4}
		{441068D8-EA26-4B6A-893B-7EAAA70BFA73} = {FD264C24-4E01-4B1E-B5A1-489EC1C376E4}
		{55F55C7C-B0A4-4276-9BDE-0DD254C5E540} = {441068D8-EA26-4B6A-893B-7EAAA70BFA73}
		{548AD42A-A006-483A-8213-BDF68F16BAE2} = {FD264C24-4E01-4B1E-B5A1-489EC1C376E4}
		{BF0C3998-90BC-48C1-A975-C9738F752AA3} = {548AD42A-A006-483A-8213-BDF68F16BAE2}
		{6DEA9D14-B677-4F6C-96E3-CD9E5AEBADDA} = {FD264C24-4E01-4B1E-B5A1-489EC1C376E4}
		{2BBCE940-56CA-4B3E-AD26-3A5E01080954} = {6DEA9D14-B677-4F6C-96E3-CD9E5AEBADDA}
		{EF388E74-13B4-45F8-B7A3-A984A0CA2511} = {B3DAD533-ED3E-47F8-848F-9D864267C349}
		{0A37FA9A-4F9E-4C23-A64C-E9597EAF15A9} = {27B34EA5-8608-49FA-96F0-DEC4C3A5A7B3}
		{DAE06765-99AC-47F9-A7B2-8E21448600AA} = {FD264C24-4E01-4B1E-B5A1-489EC1C376E4}
		{4F8A6C4E-4E6F-4FFE-A425-B6A59673ED35} = {DAE06765-99AC-47F9-A7B2-8E21448600AA}
		{A502804A-6D2D-4201-A48B-87C46F023887} = {DAE06765-99AC-47F9-A7B2-8E21448600AA}
		{B6D0762D-F756-429F-A87E-F670319C01D4} = {FD264C24-4E01-4B1E-B5A1-489EC1C376E4}
		{79DB11AB-6B3A-4E40-A5BF-F93A954C2934} = {B6D0762D-F756-429F-A87E-F670319C01D4}
		{292FFA5D-7582-4882-BB14-6B1013824CE4} = {FD4F5652-8F9E-458F-A054-5A576948B74E}
		{3B5355D4-590E-42F2-AE80-8FB5433D1198} = {9EC2D3BA-63A6-44F1-B843-E900CEB409BE}
		{9EC2D3BA-63A6-44F1-B843-E900CEB409BE} = {FD264C24-4E01-4B1E-B5A1-489EC1C376E4}
		{3ACA378B-9698-480E-9D64-D29C90EFC0E9} = {5A055E20-253E-47B9-BBBD-B6CB22E6F461}
		{5A055E20-253E-47B9-BBBD-B6CB22E6F461} = {FD264C24-4E01-4B1E-B5A1-489EC1C376E4}
		{32FFED99-42F2-4E37-93C9-B3F293588F54} = {FD264C24-4E01-4B1E-B5A1-489EC1C376E4}
		{95C93690-3573-4238-BF0A-B5AC4BE21246} = {32FFED99-42F2-4E37-93C9-B3F293588F54}
		{786BF13F-7662-414C-9436-052E6441EDC7} = {FD264C24-4E01-4B1E-B5A1-489EC1C376E4}
		{FE45EF18-F7AE-4581-AD29-AFC0C300BE92} = {FD264C24-4E01-4B1E-B5A1-489EC1C376E4}
		{75CA2BF8-B9CA-442F-89E6-8B7CA0B71BE1} = {FD264C24-4E01-4B1E-B5A1-489EC1C376E4}
		{680CF2F3-1478-4BDD-AB21-990EE4B770A0} = {FD264C24-4E01-4B1E-B5A1-489EC1C376E4}
		{86DD130C-A52B-461F-A1F3-00A175C9BB34} = {680CF2F3-1478-4BDD-AB21-990EE4B770A0}
		{DDC7F922-BD93-4D63-9396-323948A64738} = {786BF13F-7662-414C-9436-052E6441EDC7}
		{33707C73-0398-48B4-BF07-392F500CC19B} = {FD264C24-4E01-4B1E-B5A1-489EC1C376E4}
		{673DC354-0751-4A1E-91D0-4A05E87EE738} = {33707C73-0398-48B4-BF07-392F500CC19B}
		{7BCEF864-753C-4147-925B-83EE2F2D9E18} = {FD264C24-4E01-4B1E-B5A1-489EC1C376E4}
		{DCB40DCC-4CB7-470D-B919-FB580F7966F9} = {7BCEF864-753C-4147-925B-83EE2F2D9E18}
		{81550A48-AC59-49E8-8B35-B5BDC1526D2C} = {FD264C24-4E01-4B1E-B5A1-489EC1C376E4}
		{401BE992-6208-4B9B-87AE-17CF64B8637E} = {81550A48-AC59-49E8-8B35-B5BDC1526D2C}
		{DD0DDB1E-6062-411F-9CA8-2CA0B6A9FD6C} = {FD264C24-4E01-4B1E-B5A1-489EC1C376E4}
		{A8EDE6F2-EFB1-4E22-A59D-C4DB8E0515DC} = {DD0DDB1E-6062-411F-9CA8-2CA0B6A9FD6C}
		{1279C477-CFC3-4D49-9A6C-649F7C652FD6} = {FD264C24-4E01-4B1E-B5A1-489EC1C376E4}
		{EEA73710-A05B-4DFA-826B-CBDD2F5BBCD2} = {1279C477-CFC3-4D49-9A6C-649F7C652FD6}
		{652D1FD1-185D-4FCB-8DFE-B5D86C6245FD} = {FD264C24-4E01-4B1E-B5A1-489EC1C376E4}
		{77DC1E3C-A228-4784-A502-2F868DCBAF81} = {652D1FD1-185D-4FCB-8DFE-B5D86C6245FD}
		{07199811-963F-4F8E-AD41-F7746AF991D8} = {9C2B89C8-B81A-46B9-877D-4FC15B58F099}
		{EEB6C693-26BA-42F1-B826-9B9841B5E124} = {548AD42A-A006-483A-8213-BDF68F16BAE2}
		{09722116-6834-4F01-BB22-8373DEF3B6D5} = {B74452AA-C538-4B1D-A910-0D2404089D49}
		{E22235C6-7B33-4C1A-A2CD-5291FF7881DB} = {FD264C24-4E01-4B1E-B5A1-489EC1C376E4}
		{3E5E476D-447C-4D57-84F1-9378BE7BF147} = {E22235C6-7B33-4C1A-A2CD-5291FF7881DB}
		{2AD1B518-2EBD-4DB5-8852-7E387A885470} = {FD264C24-4E01-4B1E-B5A1-489EC1C376E4}
		{F5B5CDAE-DA83-4F7D-99E2-38D53485784B} = {B2295F61-8B88-470D-AE05-2A16F02F4F1C}
		{0D7AE398-2CE3-4D9D-836D-ABB85B3D9C99} = {2AD1B518-2EBD-4DB5-8852-7E387A885470}
		{B6017E9C-8133-42E2-AAB5-2188FECF3A2C} = {B2295F61-8B88-470D-AE05-2A16F02F4F1C}
		{937002A0-2FB6-4467-96F2-54EDF0A6DB93} = {FD264C24-4E01-4B1E-B5A1-489EC1C376E4}
		{703254C3-1C59-41E9-A9F1-9BE443B02B40} = {937002A0-2FB6-4467-96F2-54EDF0A6DB93}
		{CC9AAD2E-9A59-4E3E-8A6A-7E70D4E91EE1} = {FD264C24-4E01-4B1E-B5A1-489EC1C376E4}
		{DA0A284E-03BD-4180-8431-702D869C20D5} = {CC9AAD2E-9A59-4E3E-8A6A-7E70D4E91EE1}
		{96E35FBB-0C17-4212-8329-026F0106C122} = {CC9AAD2E-9A59-4E3E-8A6A-7E70D4E91EE1}
		{44E22F5A-72DA-4B36-A2B8-7EABC79E383D} = {81550A48-AC59-49E8-8B35-B5BDC1526D2C}
		{8E4E2758-DFC2-46ED-A485-DF01EF88B95F} = {937002A0-2FB6-4467-96F2-54EDF0A6DB93}
		{B71458A9-D397-4E2A-8E9B-5DA41AADC43B} = {27B34EA5-8608-49FA-96F0-DEC4C3A5A7B3}
		{6DCA1FEC-3598-49FD-AD8B-DCDEEB2FA7B3} = {5A055E20-253E-47B9-BBBD-B6CB22E6F461}
		{7A5E521C-5079-4CDA-9B83-DB49C9AA3D64} = {27B34EA5-8608-49FA-96F0-DEC4C3A5A7B3}
		{0780A7C2-5D87-492C-8DE3-A3C72DAD165B} = {FD264C24-4E01-4B1E-B5A1-489EC1C376E4}
		{310A13EB-8C3D-41A8-81A3-A8806810C2D7} = {B2295F61-8B88-470D-AE05-2A16F02F4F1C}
		{3BE68D6A-981F-4696-BD28-D97E0B6D8608} = {4F181B0F-E420-462E-9658-7AE8F1B0F36F}
		{2B3E8F94-2646-4CB5-909D-9A665DF507A0} = {FD264C24-4E01-4B1E-B5A1-489EC1C376E4}
		{1164B2AD-12ED-4EE9-8809-43C16A31E2C7} = {2B3E8F94-2646-4CB5-909D-9A665DF507A0}
		{674FF7A5-CBAB-4C2A-825C-EB25C8B7BFAB} = {0780A7C2-5D87-492C-8DE3-A3C72DAD165B}
		{E2BC01A9-0A4A-437C-B08E-738479C5A295} = {FD264C24-4E01-4B1E-B5A1-489EC1C376E4}
		{AF016784-3B99-49F5-9BC6-EAF021B07CE0} = {E2BC01A9-0A4A-437C-B08E-738479C5A295}
		{9CA06DBE-DEE6-4DA1-B830-043494E6C15A} = {FD264C24-4E01-4B1E-B5A1-489EC1C376E4}
		{BB26713B-5678-4F5D-906D-54C6338B576E} = {9CA06DBE-DEE6-4DA1-B830-043494E6C15A}
	EndGlobalSection
	GlobalSection(ExtensibilityGlobals) = postSolution
		SolutionGuid = {547397A9-A248-43C9-A03D-E7F3D465A7DF}
	EndGlobalSection
EndGlobal
